Microsoft Visual Studio Solution File, Format Version 12.00
# Visual Studio 15
VisualStudioVersion = 15.0.27130.0
MinimumVisualStudioVersion = 10.0.40219.1
Project("{2150E333-8FDC-42A3-9474-1A3956D46DE8}") = "Glass", "Glass", "{54F4B0B4-63CE-49D6-BEA6-F5D8A8B7506F}"
EndProject
Project("{FAE04EC0-301F-11D3-BF4B-00C04F79EFBC}") = "Foundation.Glass", "src\Foundation\Glass\code\Foundation.Glass.csproj", "{E3156E9E-93A6-4841-81E4-625E491A4C16}"
EndProject
Project("{2150E333-8FDC-42A3-9474-1A3956D46DE8}") = "Resources", "Resources", "{B9C7713E-5690-4A03-8327-7FCC8C6431AA}"
EndProject
Project("{FAE04EC0-301F-11D3-BF4B-00C04F79EFBC}") = "Foundation.Resources", "src\Foundation\Resources\code\Foundation.Resources.csproj", "{8D8A9E69-D88B-458B-997C-9A5B14918AFC}"
EndProject
Project("{2150E333-8FDC-42A3-9474-1A3956D46DE8}") = "Facets", "Facets", "{9C906530-AE99-4256-9B56-56CF3EB1990C}"
EndProject
Project("{FAE04EC0-301F-11D3-BF4B-00C04F79EFBC}") = "Foundation.Facets", "src\Foundation\Facets\code\Foundation.Facets.csproj", "{C32F92D7-6FB8-49DC-B43D-2DA952394E00}"
EndProject
Project("{2150E333-8FDC-42A3-9474-1A3956D46DE8}") = "Serialization", "Serialization", "{B2D6E1FC-2CFF-41E0-8B17-5109CE622705}"
EndProject
Project("{2150E333-8FDC-42A3-9474-1A3956D46DE8}") = "Components", "Components", "{64866575-7760-4FD5-8284-578F8BCE1AE2}"
EndProject
Project("{2150E333-8FDC-42A3-9474-1A3956D46DE8}") = "VideoJSPlayer", "VideoJSPlayer", "{8D9FA6A6-156E-45B4-9DB8-99CB25FE6E71}"
EndProject
Project("{FAE04EC0-301F-11D3-BF4B-00C04F79EFBC}") = "Feature.VideoJSPlayer", "src\Feature\VideoJSPlayer\code\Feature.VideoJSPlayer.csproj", "{57F02819-E014-468F-A17E-9C0A4CDD62BC}"
EndProject
Project("{2150E333-8FDC-42A3-9474-1A3956D46DE8}") = "SlickCarousel", "SlickCarousel", "{DF7A94A1-FC6F-4631-A99D-E7169E9B43AF}"
EndProject
Project("{FAE04EC0-301F-11D3-BF4B-00C04F79EFBC}") = "Feature.SlickCarousel", "src\Feature\SlickCarousel\code\Feature.SlickCarousel.csproj", "{EB4B9033-64E1-4067-BE48-FF087B7D638A}"
EndProject
Project("{2150E333-8FDC-42A3-9474-1A3956D46DE8}") = "OwlCarousel", "OwlCarousel", "{57D8A8A2-A20A-4733-A5EB-97719D2ED474}"
EndProject
Project("{FAE04EC0-301F-11D3-BF4B-00C04F79EFBC}") = "Feature.OwlCarousel", "src\Feature\OwlCarousel\code\Feature.OwlCarousel.csproj", "{182375CB-5059-4AB7-AE52-A85D54E5FDFF}"
EndProject
Project("{2150E333-8FDC-42A3-9474-1A3956D46DE8}") = "PDF", "PDF", "{72E9FAFB-99A0-4CA7-A039-51D8CE06A115}"
EndProject
Project("{FAE04EC0-301F-11D3-BF4B-00C04F79EFBC}") = "Feature.PDF", "src\Feature\PDF\code\Feature.PDF.csproj", "{02E59B5D-1DA8-470B-8136-7D123C1451B0}"
EndProject
Project("{2150E333-8FDC-42A3-9474-1A3956D46DE8}") = "IPWhiteList", "IPWhiteList", "{EA3BD5A9-169E-4062-A6E8-FA6E1DDBF1FA}"
EndProject
Project("{FAE04EC0-301F-11D3-BF4B-00C04F79EFBC}") = "Feature.IPWhiteList", "src\Feature\IPWhiteList\code\Feature.IPWhiteList.csproj", "{9BA2D7E4-463E-47E0-9064-2046266D2237}"
EndProject
Project("{2150E333-8FDC-42A3-9474-1A3956D46DE8}") = "Handlebars", "Handlebars", "{8DB3E151-62E2-4A87-8C26-C09E27E76ED5}"
EndProject
Project("{FAE04EC0-301F-11D3-BF4B-00C04F79EFBC}") = "Feature.Handlebars", "src\Feature\Handlebars\code\Feature.Handlebars.csproj", "{7B330038-A1D0-4C5A-A0E5-692E46863C05}"
EndProject
Project("{2150E333-8FDC-42A3-9474-1A3956D46DE8}") = "GeoIP", "GeoIP", "{DCE4D958-8DC0-4BC9-8A71-FA2BF649E231}"
EndProject
Project("{FAE04EC0-301F-11D3-BF4B-00C04F79EFBC}") = "Feature.GeoIP", "src\Feature\GeoIP\code\Feature.GeoIP.csproj", "{990704DE-4D80-4476-98FF-735905FA83D9}"
EndProject
Project("{2150E333-8FDC-42A3-9474-1A3956D46DE8}") = "Composite", "Composite", "{A5271A56-1390-4A84-B9B4-00E7FBBC6B1F}"
EndProject
Project("{FAE04EC0-301F-11D3-BF4B-00C04F79EFBC}") = "Feature.Composite", "src\Feature\Composite\code\Feature.Composite.csproj", "{03684D4B-349C-4836-B67F-5557FA46894F}"
EndProject
Project("{2150E333-8FDC-42A3-9474-1A3956D46DE8}") = "Cache", "Cache", "{BDB74C9C-87F3-4BF4-8F89-234094C3E715}"
EndProject
Project("{2150E333-8FDC-42A3-9474-1A3956D46DE8}") = "Analytics", "Analytics", "{A81AE685-0F2F-4544-AD4D-51DB74169972}"
EndProject
Project("{FAE04EC0-301F-11D3-BF4B-00C04F79EFBC}") = "Feature.Analytics", "src\Feature\Analytics\code\Feature.Analytics.csproj", "{84679380-2D69-468D-A9C5-F420396FED61}"
EndProject
Project("{2150E333-8FDC-42A3-9474-1A3956D46DE8}") = "TraceLogger", "TraceLogger", "{72A98BE1-3FD4-4116-9CB7-EC959D72CAF5}"
EndProject
Project("{FAE04EC0-301F-11D3-BF4B-00C04F79EFBC}") = "Foundation.TraceLogger", "src\Foundation\TraceLogger\code\Foundation.TraceLogger.csproj", "{4FD358BF-BA15-4621-AA18-F21C6B523EA9}"
EndProject
Project("{2150E333-8FDC-42A3-9474-1A3956D46DE8}") = "CodeEditor", "CodeEditor", "{50AAE46B-6220-4DAF-B8B7-FA89E843709B}"
EndProject
Project("{FAE04EC0-301F-11D3-BF4B-00C04F79EFBC}") = "Foundation.CodeEditor", "src\Foundation\CodeEditor\code\Foundation.CodeEditor.csproj", "{73217127-ADB7-4857-9D29-69EB32F8A21F}"
EndProject
Project("{2150E333-8FDC-42A3-9474-1A3956D46DE8}") = "Configuration", "Configuration", "{74604D8D-AF01-4FE3-A4C3-70E31840ECD7}"
EndProject
Project("{FAE04EC0-301F-11D3-BF4B-00C04F79EFBC}") = "Foundation.Configuration", "src\Foundation\Configuration\code\Foundation.Configuration.csproj", "{9A53B8A9-9D76-45DA-8E87-E5AF8989A45A}"
EndProject
Project("{2150E333-8FDC-42A3-9474-1A3956D46DE8}") = "Search", "Search", "{9C9B220F-B680-433A-80E1-5BB34A94AC66}"
EndProject
Project("{FAE04EC0-301F-11D3-BF4B-00C04F79EFBC}") = "Foundation.Search", "src\Foundation\Search\code\Foundation.Search.csproj", "{F2847DDD-4242-4EE0-B1D6-FBDECF40BDDD}"
EndProject
Project("{2150E333-8FDC-42A3-9474-1A3956D46DE8}") = "Shell", "Shell", "{12C9EF8B-4D07-4A26-95CA-21BFE83C0302}"
EndProject
Project("{FAE04EC0-301F-11D3-BF4B-00C04F79EFBC}") = "Foundation.Shell", "src\Foundation\Shell\code\Foundation.Shell.csproj", "{F359F46F-541D-479D-97DA-67391858523D}"
EndProject
Project("{2150E333-8FDC-42A3-9474-1A3956D46DE8}") = "Structure", "Structure", "{7F9F8AB3-25F6-4F90-98C0-9906421EC1A1}"
EndProject
Project("{FAE04EC0-301F-11D3-BF4B-00C04F79EFBC}") = "Foundation.Structure", "src\Foundation\Structure\code\Foundation.Structure.csproj", "{FF2486F3-4021-42D9-BC56-C4FAC23BA0D0}"
EndProject
Project("{2150E333-8FDC-42A3-9474-1A3956D46DE8}") = "API", "API", "{01E9480D-2C43-4E7C-80F2-54C21565A046}"
EndProject
Project("{FAE04EC0-301F-11D3-BF4B-00C04F79EFBC}") = "Foundation.API", "src\Foundation\API\code\Foundation.API.csproj", "{34A39BD1-43B3-49E4-AEBF-52FBDC3176E7}"
EndProject
Project("{2150E333-8FDC-42A3-9474-1A3956D46DE8}") = "1. Project", "1. Project", "{5D709AC7-1426-4B80-B1F3-079F17EC5856}"
EndProject
Project("{2150E333-8FDC-42A3-9474-1A3956D46DE8}") = "2. Feature", "2. Feature", "{86F6F902-A9B3-408F-8E23-2CCB46AFC036}"
EndProject
Project("{2150E333-8FDC-42A3-9474-1A3956D46DE8}") = "3. Foundation", "3. Foundation", "{BC50975C-41D6-42E4-B31D-4668BF3097A7}"
EndProject
Project("{2150E333-8FDC-42A3-9474-1A3956D46DE8}") = "Configuration", "Configuration", "{4F86B5F9-CCE4-4DB2-8983-7B271E1D3AA6}"
	ProjectSection(SolutionItems) = preProject
		scripts\applytransform.targets = scripts\applytransform.targets
		gulp-config.js = gulp-config.js
		gulpfile.js = gulpfile.js
		package.json = package.json
		package.xml = package.xml
		publishsettings.targets = publishsettings.targets
		README.md = README.md
		WebEssentials2015-Settings.json = WebEssentials2015-Settings.json
	EndProjectSection
EndProject
Project("{FAE04EC0-301F-11D3-BF4B-00C04F79EFBC}") = "Foundation.Serialization", "src\Foundation\Serialization\code\Foundation.Serialization.csproj", "{007CD5DC-0030-460D-91A3-3DDEA9AB472F}"
EndProject
Project("{FAE04EC0-301F-11D3-BF4B-00C04F79EFBC}") = "Foundation.Components", "src\Foundation\Components\code\Foundation.Components.csproj", "{60FDC4EA-B56F-4EC5-AB57-D6C68A523ECC}"
EndProject
Project("{FAE04EC0-301F-11D3-BF4B-00C04F79EFBC}") = "Foundation.Cache", "src\Foundation\Cache\code\Foundation.Cache.csproj", "{2E6DC398-A655-4F95-B0D6-19C87ACC98DA}"
EndProject
Project("{2150E333-8FDC-42A3-9474-1A3956D46DE8}") = "Doc", "Doc", "{C46745B4-D25D-477F-9F09-371606E74072}"
EndProject
Project("{FAE04EC0-301F-11D3-BF4B-00C04F79EFBC}") = "Feature.Doc", "src\Feature\Doc\code\Feature.Doc.csproj", "{494DFA28-B154-4BF9-A946-A088106BECFC}"
EndProject
Global
	GlobalSection(SolutionConfigurationPlatforms) = preSolution
		always|Any CPU = always|Any CPU
		always|x64 = always|x64
		ci|Any CPU = ci|Any CPU
		ci|x64 = ci|x64
		Cloud|Any CPU = Cloud|Any CPU
		Cloud|x64 = Cloud|x64
		Debug|Any CPU = Debug|Any CPU
		Debug|x64 = Debug|x64
		Release|Any CPU = Release|Any CPU
		Release|x64 = Release|x64
		TDS|Any CPU = TDS|Any CPU
		TDS|x64 = TDS|x64
		WebProjects|Any CPU = WebProjects|Any CPU
		WebProjects|x64 = WebProjects|x64
	EndGlobalSection
	GlobalSection(ProjectConfigurationPlatforms) = postSolution
		{E3156E9E-93A6-4841-81E4-625E491A4C16}.always|Any CPU.ActiveCfg = always|Any CPU
		{E3156E9E-93A6-4841-81E4-625E491A4C16}.always|Any CPU.Build.0 = always|Any CPU
		{E3156E9E-93A6-4841-81E4-625E491A4C16}.always|x64.ActiveCfg = always|x64
		{E3156E9E-93A6-4841-81E4-625E491A4C16}.always|x64.Build.0 = always|x64
		{E3156E9E-93A6-4841-81E4-625E491A4C16}.ci|Any CPU.ActiveCfg = ci|Any CPU
		{E3156E9E-93A6-4841-81E4-625E491A4C16}.ci|Any CPU.Build.0 = ci|Any CPU
		{E3156E9E-93A6-4841-81E4-625E491A4C16}.ci|x64.ActiveCfg = ci|x64
		{E3156E9E-93A6-4841-81E4-625E491A4C16}.ci|x64.Build.0 = ci|x64
		{E3156E9E-93A6-4841-81E4-625E491A4C16}.Cloud|Any CPU.ActiveCfg = Cloud|Any CPU
		{E3156E9E-93A6-4841-81E4-625E491A4C16}.Cloud|Any CPU.Build.0 = Cloud|Any CPU
		{E3156E9E-93A6-4841-81E4-625E491A4C16}.Cloud|x64.ActiveCfg = Cloud|x64
		{E3156E9E-93A6-4841-81E4-625E491A4C16}.Cloud|x64.Build.0 = Cloud|x64
		{E3156E9E-93A6-4841-81E4-625E491A4C16}.Debug|Any CPU.ActiveCfg = Debug|Any CPU
		{E3156E9E-93A6-4841-81E4-625E491A4C16}.Debug|Any CPU.Build.0 = Debug|Any CPU
		{E3156E9E-93A6-4841-81E4-625E491A4C16}.Debug|x64.ActiveCfg = Debug|x64
		{E3156E9E-93A6-4841-81E4-625E491A4C16}.Debug|x64.Build.0 = Debug|x64
		{E3156E9E-93A6-4841-81E4-625E491A4C16}.Release|Any CPU.ActiveCfg = Release|Any CPU
		{E3156E9E-93A6-4841-81E4-625E491A4C16}.Release|Any CPU.Build.0 = Release|Any CPU
		{E3156E9E-93A6-4841-81E4-625E491A4C16}.Release|x64.ActiveCfg = Release|x64
		{E3156E9E-93A6-4841-81E4-625E491A4C16}.Release|x64.Build.0 = Release|x64
		{E3156E9E-93A6-4841-81E4-625E491A4C16}.TDS|Any CPU.ActiveCfg = TDS|Any CPU
		{E3156E9E-93A6-4841-81E4-625E491A4C16}.TDS|Any CPU.Build.0 = TDS|Any CPU
		{E3156E9E-93A6-4841-81E4-625E491A4C16}.TDS|x64.ActiveCfg = TDS|x64
		{E3156E9E-93A6-4841-81E4-625E491A4C16}.TDS|x64.Build.0 = TDS|x64
		{E3156E9E-93A6-4841-81E4-625E491A4C16}.WebProjects|Any CPU.ActiveCfg = WebProjects|Any CPU
		{E3156E9E-93A6-4841-81E4-625E491A4C16}.WebProjects|Any CPU.Build.0 = WebProjects|Any CPU
		{E3156E9E-93A6-4841-81E4-625E491A4C16}.WebProjects|x64.ActiveCfg = WebProjects|x64
		{E3156E9E-93A6-4841-81E4-625E491A4C16}.WebProjects|x64.Build.0 = WebProjects|x64
		{8D8A9E69-D88B-458B-997C-9A5B14918AFC}.always|Any CPU.ActiveCfg = always|Any CPU
		{8D8A9E69-D88B-458B-997C-9A5B14918AFC}.always|Any CPU.Build.0 = always|Any CPU
		{8D8A9E69-D88B-458B-997C-9A5B14918AFC}.always|x64.ActiveCfg = always|x64
		{8D8A9E69-D88B-458B-997C-9A5B14918AFC}.always|x64.Build.0 = always|x64
		{8D8A9E69-D88B-458B-997C-9A5B14918AFC}.ci|Any CPU.ActiveCfg = ci|Any CPU
		{8D8A9E69-D88B-458B-997C-9A5B14918AFC}.ci|Any CPU.Build.0 = ci|Any CPU
		{8D8A9E69-D88B-458B-997C-9A5B14918AFC}.ci|x64.ActiveCfg = ci|x64
		{8D8A9E69-D88B-458B-997C-9A5B14918AFC}.ci|x64.Build.0 = ci|x64
		{8D8A9E69-D88B-458B-997C-9A5B14918AFC}.Cloud|Any CPU.ActiveCfg = Cloud|Any CPU
		{8D8A9E69-D88B-458B-997C-9A5B14918AFC}.Cloud|Any CPU.Build.0 = Cloud|Any CPU
		{8D8A9E69-D88B-458B-997C-9A5B14918AFC}.Cloud|x64.ActiveCfg = Cloud|x64
		{8D8A9E69-D88B-458B-997C-9A5B14918AFC}.Cloud|x64.Build.0 = Cloud|x64
		{8D8A9E69-D88B-458B-997C-9A5B14918AFC}.Debug|Any CPU.ActiveCfg = Debug|Any CPU
		{8D8A9E69-D88B-458B-997C-9A5B14918AFC}.Debug|Any CPU.Build.0 = Debug|Any CPU
		{8D8A9E69-D88B-458B-997C-9A5B14918AFC}.Debug|x64.ActiveCfg = Debug|x64
		{8D8A9E69-D88B-458B-997C-9A5B14918AFC}.Debug|x64.Build.0 = Debug|x64
		{8D8A9E69-D88B-458B-997C-9A5B14918AFC}.Release|Any CPU.ActiveCfg = Release|Any CPU
		{8D8A9E69-D88B-458B-997C-9A5B14918AFC}.Release|Any CPU.Build.0 = Release|Any CPU
		{8D8A9E69-D88B-458B-997C-9A5B14918AFC}.Release|x64.ActiveCfg = Release|x64
		{8D8A9E69-D88B-458B-997C-9A5B14918AFC}.Release|x64.Build.0 = Release|x64
		{8D8A9E69-D88B-458B-997C-9A5B14918AFC}.TDS|Any CPU.ActiveCfg = Release|Any CPU
		{8D8A9E69-D88B-458B-997C-9A5B14918AFC}.TDS|Any CPU.Build.0 = Release|Any CPU
		{8D8A9E69-D88B-458B-997C-9A5B14918AFC}.TDS|x64.ActiveCfg = Release|x64
		{8D8A9E69-D88B-458B-997C-9A5B14918AFC}.TDS|x64.Build.0 = Release|x64
		{8D8A9E69-D88B-458B-997C-9A5B14918AFC}.WebProjects|Any CPU.ActiveCfg = Release|Any CPU
		{8D8A9E69-D88B-458B-997C-9A5B14918AFC}.WebProjects|Any CPU.Build.0 = Release|Any CPU
		{8D8A9E69-D88B-458B-997C-9A5B14918AFC}.WebProjects|x64.ActiveCfg = Release|x64
		{8D8A9E69-D88B-458B-997C-9A5B14918AFC}.WebProjects|x64.Build.0 = Release|x64
		{C32F92D7-6FB8-49DC-B43D-2DA952394E00}.always|Any CPU.ActiveCfg = always|Any CPU
		{C32F92D7-6FB8-49DC-B43D-2DA952394E00}.always|Any CPU.Build.0 = always|Any CPU
		{C32F92D7-6FB8-49DC-B43D-2DA952394E00}.always|x64.ActiveCfg = always|x64
		{C32F92D7-6FB8-49DC-B43D-2DA952394E00}.always|x64.Build.0 = always|x64
		{C32F92D7-6FB8-49DC-B43D-2DA952394E00}.ci|Any CPU.ActiveCfg = ci|Any CPU
		{C32F92D7-6FB8-49DC-B43D-2DA952394E00}.ci|Any CPU.Build.0 = ci|Any CPU
		{C32F92D7-6FB8-49DC-B43D-2DA952394E00}.ci|x64.ActiveCfg = ci|x64
		{C32F92D7-6FB8-49DC-B43D-2DA952394E00}.ci|x64.Build.0 = ci|x64
		{C32F92D7-6FB8-49DC-B43D-2DA952394E00}.Cloud|Any CPU.ActiveCfg = ci|Any CPU
		{C32F92D7-6FB8-49DC-B43D-2DA952394E00}.Cloud|Any CPU.Build.0 = ci|Any CPU
		{C32F92D7-6FB8-49DC-B43D-2DA952394E00}.Cloud|x64.ActiveCfg = ci|x64
		{C32F92D7-6FB8-49DC-B43D-2DA952394E00}.Cloud|x64.Build.0 = ci|x64
		{C32F92D7-6FB8-49DC-B43D-2DA952394E00}.Debug|Any CPU.ActiveCfg = Debug|Any CPU
		{C32F92D7-6FB8-49DC-B43D-2DA952394E00}.Debug|Any CPU.Build.0 = Debug|Any CPU
		{C32F92D7-6FB8-49DC-B43D-2DA952394E00}.Debug|x64.ActiveCfg = Debug|x64
		{C32F92D7-6FB8-49DC-B43D-2DA952394E00}.Debug|x64.Build.0 = Debug|x64
		{C32F92D7-6FB8-49DC-B43D-2DA952394E00}.Release|Any CPU.ActiveCfg = Release|Any CPU
		{C32F92D7-6FB8-49DC-B43D-2DA952394E00}.Release|Any CPU.Build.0 = Release|Any CPU
		{C32F92D7-6FB8-49DC-B43D-2DA952394E00}.Release|x64.ActiveCfg = Release|x64
		{C32F92D7-6FB8-49DC-B43D-2DA952394E00}.Release|x64.Build.0 = Release|x64
		{C32F92D7-6FB8-49DC-B43D-2DA952394E00}.TDS|Any CPU.ActiveCfg = Release|Any CPU
		{C32F92D7-6FB8-49DC-B43D-2DA952394E00}.TDS|Any CPU.Build.0 = Release|Any CPU
		{C32F92D7-6FB8-49DC-B43D-2DA952394E00}.TDS|x64.ActiveCfg = Release|x64
		{C32F92D7-6FB8-49DC-B43D-2DA952394E00}.TDS|x64.Build.0 = Release|x64
		{C32F92D7-6FB8-49DC-B43D-2DA952394E00}.WebProjects|Any CPU.ActiveCfg = Release|Any CPU
		{C32F92D7-6FB8-49DC-B43D-2DA952394E00}.WebProjects|Any CPU.Build.0 = Release|Any CPU
		{C32F92D7-6FB8-49DC-B43D-2DA952394E00}.WebProjects|x64.ActiveCfg = Release|x64
		{C32F92D7-6FB8-49DC-B43D-2DA952394E00}.WebProjects|x64.Build.0 = Release|x64
		{57F02819-E014-468F-A17E-9C0A4CDD62BC}.always|Any CPU.ActiveCfg = always|Any CPU
		{57F02819-E014-468F-A17E-9C0A4CDD62BC}.always|Any CPU.Build.0 = always|Any CPU
		{57F02819-E014-468F-A17E-9C0A4CDD62BC}.always|x64.ActiveCfg = always|x64
		{57F02819-E014-468F-A17E-9C0A4CDD62BC}.always|x64.Build.0 = always|x64
		{57F02819-E014-468F-A17E-9C0A4CDD62BC}.ci|Any CPU.ActiveCfg = ci|Any CPU
		{57F02819-E014-468F-A17E-9C0A4CDD62BC}.ci|Any CPU.Build.0 = ci|Any CPU
		{57F02819-E014-468F-A17E-9C0A4CDD62BC}.ci|x64.ActiveCfg = ci|x64
		{57F02819-E014-468F-A17E-9C0A4CDD62BC}.ci|x64.Build.0 = ci|x64
		{57F02819-E014-468F-A17E-9C0A4CDD62BC}.Cloud|Any CPU.ActiveCfg = ci|Any CPU
		{57F02819-E014-468F-A17E-9C0A4CDD62BC}.Cloud|Any CPU.Build.0 = ci|Any CPU
		{57F02819-E014-468F-A17E-9C0A4CDD62BC}.Cloud|x64.ActiveCfg = ci|x64
		{57F02819-E014-468F-A17E-9C0A4CDD62BC}.Cloud|x64.Build.0 = ci|x64
		{57F02819-E014-468F-A17E-9C0A4CDD62BC}.Debug|Any CPU.ActiveCfg = Debug|Any CPU
		{57F02819-E014-468F-A17E-9C0A4CDD62BC}.Debug|Any CPU.Build.0 = Debug|Any CPU
		{57F02819-E014-468F-A17E-9C0A4CDD62BC}.Debug|x64.ActiveCfg = Debug|x64
		{57F02819-E014-468F-A17E-9C0A4CDD62BC}.Debug|x64.Build.0 = Debug|x64
		{57F02819-E014-468F-A17E-9C0A4CDD62BC}.Release|Any CPU.ActiveCfg = Release|Any CPU
		{57F02819-E014-468F-A17E-9C0A4CDD62BC}.Release|Any CPU.Build.0 = Release|Any CPU
		{57F02819-E014-468F-A17E-9C0A4CDD62BC}.Release|x64.ActiveCfg = Release|x64
		{57F02819-E014-468F-A17E-9C0A4CDD62BC}.Release|x64.Build.0 = Release|x64
		{57F02819-E014-468F-A17E-9C0A4CDD62BC}.TDS|Any CPU.ActiveCfg = Release|Any CPU
		{57F02819-E014-468F-A17E-9C0A4CDD62BC}.TDS|Any CPU.Build.0 = Release|Any CPU
		{57F02819-E014-468F-A17E-9C0A4CDD62BC}.TDS|x64.ActiveCfg = Release|x64
		{57F02819-E014-468F-A17E-9C0A4CDD62BC}.TDS|x64.Build.0 = Release|x64
		{57F02819-E014-468F-A17E-9C0A4CDD62BC}.WebProjects|Any CPU.ActiveCfg = Release|Any CPU
		{57F02819-E014-468F-A17E-9C0A4CDD62BC}.WebProjects|Any CPU.Build.0 = Release|Any CPU
		{57F02819-E014-468F-A17E-9C0A4CDD62BC}.WebProjects|x64.ActiveCfg = Release|x64
		{57F02819-E014-468F-A17E-9C0A4CDD62BC}.WebProjects|x64.Build.0 = Release|x64
		{EB4B9033-64E1-4067-BE48-FF087B7D638A}.always|Any CPU.ActiveCfg = always|Any CPU
		{EB4B9033-64E1-4067-BE48-FF087B7D638A}.always|Any CPU.Build.0 = always|Any CPU
		{EB4B9033-64E1-4067-BE48-FF087B7D638A}.always|x64.ActiveCfg = always|x64
		{EB4B9033-64E1-4067-BE48-FF087B7D638A}.always|x64.Build.0 = always|x64
		{EB4B9033-64E1-4067-BE48-FF087B7D638A}.ci|Any CPU.ActiveCfg = ci|Any CPU
		{EB4B9033-64E1-4067-BE48-FF087B7D638A}.ci|Any CPU.Build.0 = ci|Any CPU
		{EB4B9033-64E1-4067-BE48-FF087B7D638A}.ci|x64.ActiveCfg = ci|x64
		{EB4B9033-64E1-4067-BE48-FF087B7D638A}.ci|x64.Build.0 = ci|x64
		{EB4B9033-64E1-4067-BE48-FF087B7D638A}.Cloud|Any CPU.ActiveCfg = ci|Any CPU
		{EB4B9033-64E1-4067-BE48-FF087B7D638A}.Cloud|Any CPU.Build.0 = ci|Any CPU
		{EB4B9033-64E1-4067-BE48-FF087B7D638A}.Cloud|x64.ActiveCfg = ci|x64
		{EB4B9033-64E1-4067-BE48-FF087B7D638A}.Cloud|x64.Build.0 = ci|x64
		{EB4B9033-64E1-4067-BE48-FF087B7D638A}.Debug|Any CPU.ActiveCfg = Debug|Any CPU
		{EB4B9033-64E1-4067-BE48-FF087B7D638A}.Debug|Any CPU.Build.0 = Debug|Any CPU
		{EB4B9033-64E1-4067-BE48-FF087B7D638A}.Debug|x64.ActiveCfg = Debug|x64
		{EB4B9033-64E1-4067-BE48-FF087B7D638A}.Debug|x64.Build.0 = Debug|x64
		{EB4B9033-64E1-4067-BE48-FF087B7D638A}.Release|Any CPU.ActiveCfg = Release|Any CPU
		{EB4B9033-64E1-4067-BE48-FF087B7D638A}.Release|Any CPU.Build.0 = Release|Any CPU
		{EB4B9033-64E1-4067-BE48-FF087B7D638A}.Release|x64.ActiveCfg = Release|x64
		{EB4B9033-64E1-4067-BE48-FF087B7D638A}.Release|x64.Build.0 = Release|x64
		{EB4B9033-64E1-4067-BE48-FF087B7D638A}.TDS|Any CPU.ActiveCfg = Release|Any CPU
		{EB4B9033-64E1-4067-BE48-FF087B7D638A}.TDS|Any CPU.Build.0 = Release|Any CPU
		{EB4B9033-64E1-4067-BE48-FF087B7D638A}.TDS|x64.ActiveCfg = Release|x64
		{EB4B9033-64E1-4067-BE48-FF087B7D638A}.TDS|x64.Build.0 = Release|x64
		{EB4B9033-64E1-4067-BE48-FF087B7D638A}.WebProjects|Any CPU.ActiveCfg = Release|Any CPU
		{EB4B9033-64E1-4067-BE48-FF087B7D638A}.WebProjects|Any CPU.Build.0 = Release|Any CPU
		{EB4B9033-64E1-4067-BE48-FF087B7D638A}.WebProjects|x64.ActiveCfg = Release|x64
		{EB4B9033-64E1-4067-BE48-FF087B7D638A}.WebProjects|x64.Build.0 = Release|x64
		{182375CB-5059-4AB7-AE52-A85D54E5FDFF}.always|Any CPU.ActiveCfg = always|Any CPU
		{182375CB-5059-4AB7-AE52-A85D54E5FDFF}.always|Any CPU.Build.0 = always|Any CPU
		{182375CB-5059-4AB7-AE52-A85D54E5FDFF}.always|x64.ActiveCfg = always|x64
		{182375CB-5059-4AB7-AE52-A85D54E5FDFF}.always|x64.Build.0 = always|x64
		{182375CB-5059-4AB7-AE52-A85D54E5FDFF}.ci|Any CPU.ActiveCfg = ci|Any CPU
		{182375CB-5059-4AB7-AE52-A85D54E5FDFF}.ci|Any CPU.Build.0 = ci|Any CPU
		{182375CB-5059-4AB7-AE52-A85D54E5FDFF}.ci|x64.ActiveCfg = ci|x64
		{182375CB-5059-4AB7-AE52-A85D54E5FDFF}.ci|x64.Build.0 = ci|x64
		{182375CB-5059-4AB7-AE52-A85D54E5FDFF}.Cloud|Any CPU.ActiveCfg = ci|Any CPU
		{182375CB-5059-4AB7-AE52-A85D54E5FDFF}.Cloud|Any CPU.Build.0 = ci|Any CPU
		{182375CB-5059-4AB7-AE52-A85D54E5FDFF}.Cloud|x64.ActiveCfg = ci|x64
		{182375CB-5059-4AB7-AE52-A85D54E5FDFF}.Cloud|x64.Build.0 = ci|x64
		{182375CB-5059-4AB7-AE52-A85D54E5FDFF}.Debug|Any CPU.ActiveCfg = Debug|Any CPU
		{182375CB-5059-4AB7-AE52-A85D54E5FDFF}.Debug|Any CPU.Build.0 = Debug|Any CPU
		{182375CB-5059-4AB7-AE52-A85D54E5FDFF}.Debug|x64.ActiveCfg = Debug|x64
		{182375CB-5059-4AB7-AE52-A85D54E5FDFF}.Debug|x64.Build.0 = Debug|x64
		{182375CB-5059-4AB7-AE52-A85D54E5FDFF}.Release|Any CPU.ActiveCfg = Release|Any CPU
		{182375CB-5059-4AB7-AE52-A85D54E5FDFF}.Release|Any CPU.Build.0 = Release|Any CPU
		{182375CB-5059-4AB7-AE52-A85D54E5FDFF}.Release|x64.ActiveCfg = Release|x64
		{182375CB-5059-4AB7-AE52-A85D54E5FDFF}.Release|x64.Build.0 = Release|x64
		{182375CB-5059-4AB7-AE52-A85D54E5FDFF}.TDS|Any CPU.ActiveCfg = Release|Any CPU
		{182375CB-5059-4AB7-AE52-A85D54E5FDFF}.TDS|Any CPU.Build.0 = Release|Any CPU
		{182375CB-5059-4AB7-AE52-A85D54E5FDFF}.TDS|x64.ActiveCfg = Release|x64
		{182375CB-5059-4AB7-AE52-A85D54E5FDFF}.TDS|x64.Build.0 = Release|x64
		{182375CB-5059-4AB7-AE52-A85D54E5FDFF}.WebProjects|Any CPU.ActiveCfg = Release|Any CPU
		{182375CB-5059-4AB7-AE52-A85D54E5FDFF}.WebProjects|Any CPU.Build.0 = Release|Any CPU
		{182375CB-5059-4AB7-AE52-A85D54E5FDFF}.WebProjects|x64.ActiveCfg = Release|x64
		{182375CB-5059-4AB7-AE52-A85D54E5FDFF}.WebProjects|x64.Build.0 = Release|x64
		{02E59B5D-1DA8-470B-8136-7D123C1451B0}.always|Any CPU.ActiveCfg = always|Any CPU
		{02E59B5D-1DA8-470B-8136-7D123C1451B0}.always|Any CPU.Build.0 = always|Any CPU
		{02E59B5D-1DA8-470B-8136-7D123C1451B0}.always|x64.ActiveCfg = always|x64
		{02E59B5D-1DA8-470B-8136-7D123C1451B0}.always|x64.Build.0 = always|x64
		{02E59B5D-1DA8-470B-8136-7D123C1451B0}.ci|Any CPU.ActiveCfg = ci|Any CPU
		{02E59B5D-1DA8-470B-8136-7D123C1451B0}.ci|Any CPU.Build.0 = ci|Any CPU
		{02E59B5D-1DA8-470B-8136-7D123C1451B0}.ci|x64.ActiveCfg = ci|x64
		{02E59B5D-1DA8-470B-8136-7D123C1451B0}.ci|x64.Build.0 = ci|x64
		{02E59B5D-1DA8-470B-8136-7D123C1451B0}.Cloud|Any CPU.ActiveCfg = ci|Any CPU
		{02E59B5D-1DA8-470B-8136-7D123C1451B0}.Cloud|Any CPU.Build.0 = ci|Any CPU
		{02E59B5D-1DA8-470B-8136-7D123C1451B0}.Cloud|x64.ActiveCfg = ci|x64
		{02E59B5D-1DA8-470B-8136-7D123C1451B0}.Cloud|x64.Build.0 = ci|x64
		{02E59B5D-1DA8-470B-8136-7D123C1451B0}.Debug|Any CPU.ActiveCfg = Debug|Any CPU
		{02E59B5D-1DA8-470B-8136-7D123C1451B0}.Debug|Any CPU.Build.0 = Debug|Any CPU
		{02E59B5D-1DA8-470B-8136-7D123C1451B0}.Debug|x64.ActiveCfg = Debug|x64
		{02E59B5D-1DA8-470B-8136-7D123C1451B0}.Debug|x64.Build.0 = Debug|x64
		{02E59B5D-1DA8-470B-8136-7D123C1451B0}.Release|Any CPU.ActiveCfg = Release|Any CPU
		{02E59B5D-1DA8-470B-8136-7D123C1451B0}.Release|Any CPU.Build.0 = Release|Any CPU
		{02E59B5D-1DA8-470B-8136-7D123C1451B0}.Release|x64.ActiveCfg = Release|x64
		{02E59B5D-1DA8-470B-8136-7D123C1451B0}.Release|x64.Build.0 = Release|x64
		{02E59B5D-1DA8-470B-8136-7D123C1451B0}.TDS|Any CPU.ActiveCfg = Release|Any CPU
		{02E59B5D-1DA8-470B-8136-7D123C1451B0}.TDS|Any CPU.Build.0 = Release|Any CPU
		{02E59B5D-1DA8-470B-8136-7D123C1451B0}.TDS|x64.ActiveCfg = Release|x64
		{02E59B5D-1DA8-470B-8136-7D123C1451B0}.TDS|x64.Build.0 = Release|x64
		{02E59B5D-1DA8-470B-8136-7D123C1451B0}.WebProjects|Any CPU.ActiveCfg = Release|Any CPU
		{02E59B5D-1DA8-470B-8136-7D123C1451B0}.WebProjects|Any CPU.Build.0 = Release|Any CPU
		{02E59B5D-1DA8-470B-8136-7D123C1451B0}.WebProjects|x64.ActiveCfg = Release|x64
		{02E59B5D-1DA8-470B-8136-7D123C1451B0}.WebProjects|x64.Build.0 = Release|x64
		{9BA2D7E4-463E-47E0-9064-2046266D2237}.always|Any CPU.ActiveCfg = always|Any CPU
		{9BA2D7E4-463E-47E0-9064-2046266D2237}.always|Any CPU.Build.0 = always|Any CPU
		{9BA2D7E4-463E-47E0-9064-2046266D2237}.always|x64.ActiveCfg = always|x64
		{9BA2D7E4-463E-47E0-9064-2046266D2237}.always|x64.Build.0 = always|x64
		{9BA2D7E4-463E-47E0-9064-2046266D2237}.ci|Any CPU.ActiveCfg = ci|Any CPU
		{9BA2D7E4-463E-47E0-9064-2046266D2237}.ci|Any CPU.Build.0 = ci|Any CPU
		{9BA2D7E4-463E-47E0-9064-2046266D2237}.ci|x64.ActiveCfg = ci|x64
		{9BA2D7E4-463E-47E0-9064-2046266D2237}.ci|x64.Build.0 = ci|x64
		{9BA2D7E4-463E-47E0-9064-2046266D2237}.Cloud|Any CPU.ActiveCfg = ci|Any CPU
		{9BA2D7E4-463E-47E0-9064-2046266D2237}.Cloud|Any CPU.Build.0 = ci|Any CPU
		{9BA2D7E4-463E-47E0-9064-2046266D2237}.Cloud|x64.ActiveCfg = ci|x64
		{9BA2D7E4-463E-47E0-9064-2046266D2237}.Cloud|x64.Build.0 = ci|x64
		{9BA2D7E4-463E-47E0-9064-2046266D2237}.Debug|Any CPU.ActiveCfg = Debug|Any CPU
		{9BA2D7E4-463E-47E0-9064-2046266D2237}.Debug|Any CPU.Build.0 = Debug|Any CPU
		{9BA2D7E4-463E-47E0-9064-2046266D2237}.Debug|x64.ActiveCfg = Debug|x64
		{9BA2D7E4-463E-47E0-9064-2046266D2237}.Debug|x64.Build.0 = Debug|x64
		{9BA2D7E4-463E-47E0-9064-2046266D2237}.Release|Any CPU.ActiveCfg = Release|Any CPU
		{9BA2D7E4-463E-47E0-9064-2046266D2237}.Release|Any CPU.Build.0 = Release|Any CPU
		{9BA2D7E4-463E-47E0-9064-2046266D2237}.Release|x64.ActiveCfg = Release|x64
		{9BA2D7E4-463E-47E0-9064-2046266D2237}.Release|x64.Build.0 = Release|x64
		{9BA2D7E4-463E-47E0-9064-2046266D2237}.TDS|Any CPU.ActiveCfg = Release|Any CPU
		{9BA2D7E4-463E-47E0-9064-2046266D2237}.TDS|Any CPU.Build.0 = Release|Any CPU
		{9BA2D7E4-463E-47E0-9064-2046266D2237}.TDS|x64.ActiveCfg = Release|x64
		{9BA2D7E4-463E-47E0-9064-2046266D2237}.TDS|x64.Build.0 = Release|x64
		{9BA2D7E4-463E-47E0-9064-2046266D2237}.WebProjects|Any CPU.ActiveCfg = Release|Any CPU
		{9BA2D7E4-463E-47E0-9064-2046266D2237}.WebProjects|Any CPU.Build.0 = Release|Any CPU
		{9BA2D7E4-463E-47E0-9064-2046266D2237}.WebProjects|x64.ActiveCfg = Release|x64
		{9BA2D7E4-463E-47E0-9064-2046266D2237}.WebProjects|x64.Build.0 = Release|x64
		{7B330038-A1D0-4C5A-A0E5-692E46863C05}.always|Any CPU.ActiveCfg = always|Any CPU
		{7B330038-A1D0-4C5A-A0E5-692E46863C05}.always|Any CPU.Build.0 = always|Any CPU
		{7B330038-A1D0-4C5A-A0E5-692E46863C05}.always|x64.ActiveCfg = always|x64
		{7B330038-A1D0-4C5A-A0E5-692E46863C05}.always|x64.Build.0 = always|x64
		{7B330038-A1D0-4C5A-A0E5-692E46863C05}.ci|Any CPU.ActiveCfg = ci|Any CPU
		{7B330038-A1D0-4C5A-A0E5-692E46863C05}.ci|Any CPU.Build.0 = ci|Any CPU
		{7B330038-A1D0-4C5A-A0E5-692E46863C05}.ci|x64.ActiveCfg = ci|x64
		{7B330038-A1D0-4C5A-A0E5-692E46863C05}.ci|x64.Build.0 = ci|x64
		{7B330038-A1D0-4C5A-A0E5-692E46863C05}.Cloud|Any CPU.ActiveCfg = ci|Any CPU
		{7B330038-A1D0-4C5A-A0E5-692E46863C05}.Cloud|Any CPU.Build.0 = ci|Any CPU
		{7B330038-A1D0-4C5A-A0E5-692E46863C05}.Cloud|x64.ActiveCfg = ci|x64
		{7B330038-A1D0-4C5A-A0E5-692E46863C05}.Cloud|x64.Build.0 = ci|x64
		{7B330038-A1D0-4C5A-A0E5-692E46863C05}.Debug|Any CPU.ActiveCfg = Debug|Any CPU
		{7B330038-A1D0-4C5A-A0E5-692E46863C05}.Debug|Any CPU.Build.0 = Debug|Any CPU
		{7B330038-A1D0-4C5A-A0E5-692E46863C05}.Debug|x64.ActiveCfg = Debug|x64
		{7B330038-A1D0-4C5A-A0E5-692E46863C05}.Debug|x64.Build.0 = Debug|x64
		{7B330038-A1D0-4C5A-A0E5-692E46863C05}.Release|Any CPU.ActiveCfg = Release|Any CPU
		{7B330038-A1D0-4C5A-A0E5-692E46863C05}.Release|Any CPU.Build.0 = Release|Any CPU
		{7B330038-A1D0-4C5A-A0E5-692E46863C05}.Release|x64.ActiveCfg = Release|x64
		{7B330038-A1D0-4C5A-A0E5-692E46863C05}.Release|x64.Build.0 = Release|x64
		{7B330038-A1D0-4C5A-A0E5-692E46863C05}.TDS|Any CPU.ActiveCfg = Release|Any CPU
		{7B330038-A1D0-4C5A-A0E5-692E46863C05}.TDS|Any CPU.Build.0 = Release|Any CPU
		{7B330038-A1D0-4C5A-A0E5-692E46863C05}.TDS|x64.ActiveCfg = Release|x64
		{7B330038-A1D0-4C5A-A0E5-692E46863C05}.TDS|x64.Build.0 = Release|x64
		{7B330038-A1D0-4C5A-A0E5-692E46863C05}.WebProjects|Any CPU.ActiveCfg = Release|Any CPU
		{7B330038-A1D0-4C5A-A0E5-692E46863C05}.WebProjects|Any CPU.Build.0 = Release|Any CPU
		{7B330038-A1D0-4C5A-A0E5-692E46863C05}.WebProjects|x64.ActiveCfg = Release|x64
		{7B330038-A1D0-4C5A-A0E5-692E46863C05}.WebProjects|x64.Build.0 = Release|x64
		{990704DE-4D80-4476-98FF-735905FA83D9}.always|Any CPU.ActiveCfg = always|Any CPU
		{990704DE-4D80-4476-98FF-735905FA83D9}.always|Any CPU.Build.0 = always|Any CPU
		{990704DE-4D80-4476-98FF-735905FA83D9}.always|x64.ActiveCfg = always|x64
		{990704DE-4D80-4476-98FF-735905FA83D9}.always|x64.Build.0 = always|x64
		{990704DE-4D80-4476-98FF-735905FA83D9}.ci|Any CPU.ActiveCfg = ci|Any CPU
		{990704DE-4D80-4476-98FF-735905FA83D9}.ci|Any CPU.Build.0 = ci|Any CPU
		{990704DE-4D80-4476-98FF-735905FA83D9}.ci|x64.ActiveCfg = ci|x64
		{990704DE-4D80-4476-98FF-735905FA83D9}.ci|x64.Build.0 = ci|x64
		{990704DE-4D80-4476-98FF-735905FA83D9}.Cloud|Any CPU.ActiveCfg = ci|Any CPU
		{990704DE-4D80-4476-98FF-735905FA83D9}.Cloud|Any CPU.Build.0 = ci|Any CPU
		{990704DE-4D80-4476-98FF-735905FA83D9}.Cloud|x64.ActiveCfg = ci|x64
		{990704DE-4D80-4476-98FF-735905FA83D9}.Cloud|x64.Build.0 = ci|x64
		{990704DE-4D80-4476-98FF-735905FA83D9}.Debug|Any CPU.ActiveCfg = Debug|Any CPU
		{990704DE-4D80-4476-98FF-735905FA83D9}.Debug|Any CPU.Build.0 = Debug|Any CPU
		{990704DE-4D80-4476-98FF-735905FA83D9}.Debug|x64.ActiveCfg = Debug|x64
		{990704DE-4D80-4476-98FF-735905FA83D9}.Debug|x64.Build.0 = Debug|x64
		{990704DE-4D80-4476-98FF-735905FA83D9}.Release|Any CPU.ActiveCfg = Release|Any CPU
		{990704DE-4D80-4476-98FF-735905FA83D9}.Release|Any CPU.Build.0 = Release|Any CPU
		{990704DE-4D80-4476-98FF-735905FA83D9}.Release|x64.ActiveCfg = Release|x64
		{990704DE-4D80-4476-98FF-735905FA83D9}.Release|x64.Build.0 = Release|x64
		{990704DE-4D80-4476-98FF-735905FA83D9}.TDS|Any CPU.ActiveCfg = Release|Any CPU
		{990704DE-4D80-4476-98FF-735905FA83D9}.TDS|Any CPU.Build.0 = Release|Any CPU
		{990704DE-4D80-4476-98FF-735905FA83D9}.TDS|x64.ActiveCfg = Release|x64
		{990704DE-4D80-4476-98FF-735905FA83D9}.TDS|x64.Build.0 = Release|x64
		{990704DE-4D80-4476-98FF-735905FA83D9}.WebProjects|Any CPU.ActiveCfg = Release|Any CPU
		{990704DE-4D80-4476-98FF-735905FA83D9}.WebProjects|Any CPU.Build.0 = Release|Any CPU
		{990704DE-4D80-4476-98FF-735905FA83D9}.WebProjects|x64.ActiveCfg = Release|x64
		{990704DE-4D80-4476-98FF-735905FA83D9}.WebProjects|x64.Build.0 = Release|x64
		{03684D4B-349C-4836-B67F-5557FA46894F}.always|Any CPU.ActiveCfg = always|Any CPU
		{03684D4B-349C-4836-B67F-5557FA46894F}.always|Any CPU.Build.0 = always|Any CPU
		{03684D4B-349C-4836-B67F-5557FA46894F}.always|x64.ActiveCfg = always|x64
		{03684D4B-349C-4836-B67F-5557FA46894F}.always|x64.Build.0 = always|x64
		{03684D4B-349C-4836-B67F-5557FA46894F}.ci|Any CPU.ActiveCfg = ci|Any CPU
		{03684D4B-349C-4836-B67F-5557FA46894F}.ci|Any CPU.Build.0 = ci|Any CPU
		{03684D4B-349C-4836-B67F-5557FA46894F}.ci|x64.ActiveCfg = ci|x64
		{03684D4B-349C-4836-B67F-5557FA46894F}.ci|x64.Build.0 = ci|x64
		{03684D4B-349C-4836-B67F-5557FA46894F}.Cloud|Any CPU.ActiveCfg = ci|Any CPU
		{03684D4B-349C-4836-B67F-5557FA46894F}.Cloud|Any CPU.Build.0 = ci|Any CPU
		{03684D4B-349C-4836-B67F-5557FA46894F}.Cloud|x64.ActiveCfg = ci|x64
		{03684D4B-349C-4836-B67F-5557FA46894F}.Cloud|x64.Build.0 = ci|x64
		{03684D4B-349C-4836-B67F-5557FA46894F}.Debug|Any CPU.ActiveCfg = Debug|Any CPU
		{03684D4B-349C-4836-B67F-5557FA46894F}.Debug|Any CPU.Build.0 = Debug|Any CPU
		{03684D4B-349C-4836-B67F-5557FA46894F}.Debug|x64.ActiveCfg = Debug|x64
		{03684D4B-349C-4836-B67F-5557FA46894F}.Debug|x64.Build.0 = Debug|x64
		{03684D4B-349C-4836-B67F-5557FA46894F}.Release|Any CPU.ActiveCfg = Release|Any CPU
		{03684D4B-349C-4836-B67F-5557FA46894F}.Release|Any CPU.Build.0 = Release|Any CPU
		{03684D4B-349C-4836-B67F-5557FA46894F}.Release|x64.ActiveCfg = Release|x64
		{03684D4B-349C-4836-B67F-5557FA46894F}.Release|x64.Build.0 = Release|x64
		{03684D4B-349C-4836-B67F-5557FA46894F}.TDS|Any CPU.ActiveCfg = Release|Any CPU
		{03684D4B-349C-4836-B67F-5557FA46894F}.TDS|Any CPU.Build.0 = Release|Any CPU
		{03684D4B-349C-4836-B67F-5557FA46894F}.TDS|x64.ActiveCfg = Release|x64
		{03684D4B-349C-4836-B67F-5557FA46894F}.TDS|x64.Build.0 = Release|x64
		{03684D4B-349C-4836-B67F-5557FA46894F}.WebProjects|Any CPU.ActiveCfg = Release|Any CPU
		{03684D4B-349C-4836-B67F-5557FA46894F}.WebProjects|Any CPU.Build.0 = Release|Any CPU
		{03684D4B-349C-4836-B67F-5557FA46894F}.WebProjects|x64.ActiveCfg = Release|x64
		{03684D4B-349C-4836-B67F-5557FA46894F}.WebProjects|x64.Build.0 = Release|x64
		{84679380-2D69-468D-A9C5-F420396FED61}.always|Any CPU.ActiveCfg = always|Any CPU
		{84679380-2D69-468D-A9C5-F420396FED61}.always|Any CPU.Build.0 = always|Any CPU
		{84679380-2D69-468D-A9C5-F420396FED61}.always|x64.ActiveCfg = always|x64
		{84679380-2D69-468D-A9C5-F420396FED61}.always|x64.Build.0 = always|x64
		{84679380-2D69-468D-A9C5-F420396FED61}.ci|Any CPU.ActiveCfg = ci|Any CPU
		{84679380-2D69-468D-A9C5-F420396FED61}.ci|Any CPU.Build.0 = ci|Any CPU
		{84679380-2D69-468D-A9C5-F420396FED61}.ci|x64.ActiveCfg = ci|x64
		{84679380-2D69-468D-A9C5-F420396FED61}.ci|x64.Build.0 = ci|x64
		{84679380-2D69-468D-A9C5-F420396FED61}.Cloud|Any CPU.ActiveCfg = ci|Any CPU
		{84679380-2D69-468D-A9C5-F420396FED61}.Cloud|Any CPU.Build.0 = ci|Any CPU
		{84679380-2D69-468D-A9C5-F420396FED61}.Cloud|x64.ActiveCfg = ci|x64
		{84679380-2D69-468D-A9C5-F420396FED61}.Cloud|x64.Build.0 = ci|x64
		{84679380-2D69-468D-A9C5-F420396FED61}.Debug|Any CPU.ActiveCfg = Debug|Any CPU
		{84679380-2D69-468D-A9C5-F420396FED61}.Debug|Any CPU.Build.0 = Debug|Any CPU
		{84679380-2D69-468D-A9C5-F420396FED61}.Debug|x64.ActiveCfg = Debug|x64
		{84679380-2D69-468D-A9C5-F420396FED61}.Debug|x64.Build.0 = Debug|x64
		{84679380-2D69-468D-A9C5-F420396FED61}.Release|Any CPU.ActiveCfg = Release|Any CPU
		{84679380-2D69-468D-A9C5-F420396FED61}.Release|Any CPU.Build.0 = Release|Any CPU
		{84679380-2D69-468D-A9C5-F420396FED61}.Release|x64.ActiveCfg = Release|x64
		{84679380-2D69-468D-A9C5-F420396FED61}.Release|x64.Build.0 = Release|x64
		{84679380-2D69-468D-A9C5-F420396FED61}.TDS|Any CPU.ActiveCfg = Release|Any CPU
		{84679380-2D69-468D-A9C5-F420396FED61}.TDS|Any CPU.Build.0 = Release|Any CPU
		{84679380-2D69-468D-A9C5-F420396FED61}.TDS|x64.ActiveCfg = Release|x64
		{84679380-2D69-468D-A9C5-F420396FED61}.TDS|x64.Build.0 = Release|x64
		{84679380-2D69-468D-A9C5-F420396FED61}.WebProjects|Any CPU.ActiveCfg = Release|Any CPU
		{84679380-2D69-468D-A9C5-F420396FED61}.WebProjects|Any CPU.Build.0 = Release|Any CPU
		{84679380-2D69-468D-A9C5-F420396FED61}.WebProjects|x64.ActiveCfg = Release|x64
		{84679380-2D69-468D-A9C5-F420396FED61}.WebProjects|x64.Build.0 = Release|x64
		{4FD358BF-BA15-4621-AA18-F21C6B523EA9}.always|Any CPU.ActiveCfg = always|Any CPU
		{4FD358BF-BA15-4621-AA18-F21C6B523EA9}.always|Any CPU.Build.0 = always|Any CPU
		{4FD358BF-BA15-4621-AA18-F21C6B523EA9}.always|x64.ActiveCfg = always|x64
		{4FD358BF-BA15-4621-AA18-F21C6B523EA9}.always|x64.Build.0 = always|x64
		{4FD358BF-BA15-4621-AA18-F21C6B523EA9}.ci|Any CPU.ActiveCfg = ci|Any CPU
		{4FD358BF-BA15-4621-AA18-F21C6B523EA9}.ci|Any CPU.Build.0 = ci|Any CPU
		{4FD358BF-BA15-4621-AA18-F21C6B523EA9}.ci|x64.ActiveCfg = ci|x64
		{4FD358BF-BA15-4621-AA18-F21C6B523EA9}.ci|x64.Build.0 = ci|x64
		{4FD358BF-BA15-4621-AA18-F21C6B523EA9}.Cloud|Any CPU.ActiveCfg = ci|Any CPU
		{4FD358BF-BA15-4621-AA18-F21C6B523EA9}.Cloud|Any CPU.Build.0 = ci|Any CPU
		{4FD358BF-BA15-4621-AA18-F21C6B523EA9}.Cloud|x64.ActiveCfg = ci|x64
		{4FD358BF-BA15-4621-AA18-F21C6B523EA9}.Cloud|x64.Build.0 = ci|x64
		{4FD358BF-BA15-4621-AA18-F21C6B523EA9}.Debug|Any CPU.ActiveCfg = Debug|Any CPU
		{4FD358BF-BA15-4621-AA18-F21C6B523EA9}.Debug|Any CPU.Build.0 = Debug|Any CPU
		{4FD358BF-BA15-4621-AA18-F21C6B523EA9}.Debug|x64.ActiveCfg = Debug|x64
		{4FD358BF-BA15-4621-AA18-F21C6B523EA9}.Debug|x64.Build.0 = Debug|x64
		{4FD358BF-BA15-4621-AA18-F21C6B523EA9}.Release|Any CPU.ActiveCfg = Release|Any CPU
		{4FD358BF-BA15-4621-AA18-F21C6B523EA9}.Release|Any CPU.Build.0 = Release|Any CPU
		{4FD358BF-BA15-4621-AA18-F21C6B523EA9}.Release|x64.ActiveCfg = Release|x64
		{4FD358BF-BA15-4621-AA18-F21C6B523EA9}.Release|x64.Build.0 = Release|x64
		{4FD358BF-BA15-4621-AA18-F21C6B523EA9}.TDS|Any CPU.ActiveCfg = Release|Any CPU
		{4FD358BF-BA15-4621-AA18-F21C6B523EA9}.TDS|Any CPU.Build.0 = Release|Any CPU
		{4FD358BF-BA15-4621-AA18-F21C6B523EA9}.TDS|x64.ActiveCfg = Release|x64
		{4FD358BF-BA15-4621-AA18-F21C6B523EA9}.TDS|x64.Build.0 = Release|x64
		{4FD358BF-BA15-4621-AA18-F21C6B523EA9}.WebProjects|Any CPU.ActiveCfg = Release|Any CPU
		{4FD358BF-BA15-4621-AA18-F21C6B523EA9}.WebProjects|Any CPU.Build.0 = Release|Any CPU
		{4FD358BF-BA15-4621-AA18-F21C6B523EA9}.WebProjects|x64.ActiveCfg = Release|x64
		{4FD358BF-BA15-4621-AA18-F21C6B523EA9}.WebProjects|x64.Build.0 = Release|x64
		{73217127-ADB7-4857-9D29-69EB32F8A21F}.always|Any CPU.ActiveCfg = always|Any CPU
		{73217127-ADB7-4857-9D29-69EB32F8A21F}.always|Any CPU.Build.0 = always|Any CPU
		{73217127-ADB7-4857-9D29-69EB32F8A21F}.always|x64.ActiveCfg = always|x64
		{73217127-ADB7-4857-9D29-69EB32F8A21F}.always|x64.Build.0 = always|x64
		{73217127-ADB7-4857-9D29-69EB32F8A21F}.ci|Any CPU.ActiveCfg = ci|Any CPU
		{73217127-ADB7-4857-9D29-69EB32F8A21F}.ci|Any CPU.Build.0 = ci|Any CPU
		{73217127-ADB7-4857-9D29-69EB32F8A21F}.ci|x64.ActiveCfg = ci|x64
		{73217127-ADB7-4857-9D29-69EB32F8A21F}.ci|x64.Build.0 = ci|x64
		{73217127-ADB7-4857-9D29-69EB32F8A21F}.Cloud|Any CPU.ActiveCfg = ci|Any CPU
		{73217127-ADB7-4857-9D29-69EB32F8A21F}.Cloud|Any CPU.Build.0 = ci|Any CPU
		{73217127-ADB7-4857-9D29-69EB32F8A21F}.Cloud|x64.ActiveCfg = ci|x64
		{73217127-ADB7-4857-9D29-69EB32F8A21F}.Cloud|x64.Build.0 = ci|x64
		{73217127-ADB7-4857-9D29-69EB32F8A21F}.Debug|Any CPU.ActiveCfg = Debug|Any CPU
		{73217127-ADB7-4857-9D29-69EB32F8A21F}.Debug|Any CPU.Build.0 = Debug|Any CPU
		{73217127-ADB7-4857-9D29-69EB32F8A21F}.Debug|x64.ActiveCfg = Debug|x64
		{73217127-ADB7-4857-9D29-69EB32F8A21F}.Debug|x64.Build.0 = Debug|x64
		{73217127-ADB7-4857-9D29-69EB32F8A21F}.Release|Any CPU.ActiveCfg = Release|Any CPU
		{73217127-ADB7-4857-9D29-69EB32F8A21F}.Release|Any CPU.Build.0 = Release|Any CPU
		{73217127-ADB7-4857-9D29-69EB32F8A21F}.Release|x64.ActiveCfg = Release|x64
		{73217127-ADB7-4857-9D29-69EB32F8A21F}.Release|x64.Build.0 = Release|x64
		{73217127-ADB7-4857-9D29-69EB32F8A21F}.TDS|Any CPU.ActiveCfg = Release|Any CPU
		{73217127-ADB7-4857-9D29-69EB32F8A21F}.TDS|Any CPU.Build.0 = Release|Any CPU
		{73217127-ADB7-4857-9D29-69EB32F8A21F}.TDS|x64.ActiveCfg = Release|x64
		{73217127-ADB7-4857-9D29-69EB32F8A21F}.TDS|x64.Build.0 = Release|x64
		{73217127-ADB7-4857-9D29-69EB32F8A21F}.WebProjects|Any CPU.ActiveCfg = Release|Any CPU
		{73217127-ADB7-4857-9D29-69EB32F8A21F}.WebProjects|Any CPU.Build.0 = Release|Any CPU
		{73217127-ADB7-4857-9D29-69EB32F8A21F}.WebProjects|x64.ActiveCfg = Release|x64
		{73217127-ADB7-4857-9D29-69EB32F8A21F}.WebProjects|x64.Build.0 = Release|x64
		{9A53B8A9-9D76-45DA-8E87-E5AF8989A45A}.always|Any CPU.ActiveCfg = always|Any CPU
		{9A53B8A9-9D76-45DA-8E87-E5AF8989A45A}.always|Any CPU.Build.0 = always|Any CPU
		{9A53B8A9-9D76-45DA-8E87-E5AF8989A45A}.always|x64.ActiveCfg = always|x64
		{9A53B8A9-9D76-45DA-8E87-E5AF8989A45A}.always|x64.Build.0 = always|x64
		{9A53B8A9-9D76-45DA-8E87-E5AF8989A45A}.ci|Any CPU.ActiveCfg = ci|Any CPU
		{9A53B8A9-9D76-45DA-8E87-E5AF8989A45A}.ci|Any CPU.Build.0 = ci|Any CPU
		{9A53B8A9-9D76-45DA-8E87-E5AF8989A45A}.ci|x64.ActiveCfg = ci|x64
		{9A53B8A9-9D76-45DA-8E87-E5AF8989A45A}.ci|x64.Build.0 = ci|x64
		{9A53B8A9-9D76-45DA-8E87-E5AF8989A45A}.Cloud|Any CPU.ActiveCfg = ci|Any CPU
		{9A53B8A9-9D76-45DA-8E87-E5AF8989A45A}.Cloud|Any CPU.Build.0 = ci|Any CPU
		{9A53B8A9-9D76-45DA-8E87-E5AF8989A45A}.Cloud|x64.ActiveCfg = ci|x64
		{9A53B8A9-9D76-45DA-8E87-E5AF8989A45A}.Cloud|x64.Build.0 = ci|x64
		{9A53B8A9-9D76-45DA-8E87-E5AF8989A45A}.Debug|Any CPU.ActiveCfg = Debug|Any CPU
		{9A53B8A9-9D76-45DA-8E87-E5AF8989A45A}.Debug|Any CPU.Build.0 = Debug|Any CPU
		{9A53B8A9-9D76-45DA-8E87-E5AF8989A45A}.Debug|x64.ActiveCfg = Debug|x64
		{9A53B8A9-9D76-45DA-8E87-E5AF8989A45A}.Debug|x64.Build.0 = Debug|x64
		{9A53B8A9-9D76-45DA-8E87-E5AF8989A45A}.Release|Any CPU.ActiveCfg = Release|Any CPU
		{9A53B8A9-9D76-45DA-8E87-E5AF8989A45A}.Release|Any CPU.Build.0 = Release|Any CPU
		{9A53B8A9-9D76-45DA-8E87-E5AF8989A45A}.Release|x64.ActiveCfg = Release|x64
		{9A53B8A9-9D76-45DA-8E87-E5AF8989A45A}.Release|x64.Build.0 = Release|x64
		{9A53B8A9-9D76-45DA-8E87-E5AF8989A45A}.TDS|Any CPU.ActiveCfg = Release|Any CPU
		{9A53B8A9-9D76-45DA-8E87-E5AF8989A45A}.TDS|Any CPU.Build.0 = Release|Any CPU
		{9A53B8A9-9D76-45DA-8E87-E5AF8989A45A}.TDS|x64.ActiveCfg = Release|x64
		{9A53B8A9-9D76-45DA-8E87-E5AF8989A45A}.TDS|x64.Build.0 = Release|x64
		{9A53B8A9-9D76-45DA-8E87-E5AF8989A45A}.WebProjects|Any CPU.ActiveCfg = Release|Any CPU
		{9A53B8A9-9D76-45DA-8E87-E5AF8989A45A}.WebProjects|Any CPU.Build.0 = Release|Any CPU
		{9A53B8A9-9D76-45DA-8E87-E5AF8989A45A}.WebProjects|x64.ActiveCfg = Release|x64
		{9A53B8A9-9D76-45DA-8E87-E5AF8989A45A}.WebProjects|x64.Build.0 = Release|x64
		{F2847DDD-4242-4EE0-B1D6-FBDECF40BDDD}.always|Any CPU.ActiveCfg = always|Any CPU
		{F2847DDD-4242-4EE0-B1D6-FBDECF40BDDD}.always|Any CPU.Build.0 = always|Any CPU
		{F2847DDD-4242-4EE0-B1D6-FBDECF40BDDD}.always|x64.ActiveCfg = always|x64
		{F2847DDD-4242-4EE0-B1D6-FBDECF40BDDD}.always|x64.Build.0 = always|x64
		{F2847DDD-4242-4EE0-B1D6-FBDECF40BDDD}.ci|Any CPU.ActiveCfg = ci|Any CPU
		{F2847DDD-4242-4EE0-B1D6-FBDECF40BDDD}.ci|Any CPU.Build.0 = ci|Any CPU
		{F2847DDD-4242-4EE0-B1D6-FBDECF40BDDD}.ci|x64.ActiveCfg = ci|x64
		{F2847DDD-4242-4EE0-B1D6-FBDECF40BDDD}.ci|x64.Build.0 = ci|x64
		{F2847DDD-4242-4EE0-B1D6-FBDECF40BDDD}.Cloud|Any CPU.ActiveCfg = ci|Any CPU
		{F2847DDD-4242-4EE0-B1D6-FBDECF40BDDD}.Cloud|Any CPU.Build.0 = ci|Any CPU
		{F2847DDD-4242-4EE0-B1D6-FBDECF40BDDD}.Cloud|x64.ActiveCfg = ci|x64
		{F2847DDD-4242-4EE0-B1D6-FBDECF40BDDD}.Cloud|x64.Build.0 = ci|x64
		{F2847DDD-4242-4EE0-B1D6-FBDECF40BDDD}.Debug|Any CPU.ActiveCfg = Debug|Any CPU
		{F2847DDD-4242-4EE0-B1D6-FBDECF40BDDD}.Debug|Any CPU.Build.0 = Debug|Any CPU
		{F2847DDD-4242-4EE0-B1D6-FBDECF40BDDD}.Debug|x64.ActiveCfg = Debug|x64
		{F2847DDD-4242-4EE0-B1D6-FBDECF40BDDD}.Debug|x64.Build.0 = Debug|x64
		{F2847DDD-4242-4EE0-B1D6-FBDECF40BDDD}.Release|Any CPU.ActiveCfg = Release|Any CPU
		{F2847DDD-4242-4EE0-B1D6-FBDECF40BDDD}.Release|Any CPU.Build.0 = Release|Any CPU
		{F2847DDD-4242-4EE0-B1D6-FBDECF40BDDD}.Release|x64.ActiveCfg = Release|x64
		{F2847DDD-4242-4EE0-B1D6-FBDECF40BDDD}.Release|x64.Build.0 = Release|x64
		{F2847DDD-4242-4EE0-B1D6-FBDECF40BDDD}.TDS|Any CPU.ActiveCfg = Release|Any CPU
		{F2847DDD-4242-4EE0-B1D6-FBDECF40BDDD}.TDS|Any CPU.Build.0 = Release|Any CPU
		{F2847DDD-4242-4EE0-B1D6-FBDECF40BDDD}.TDS|x64.ActiveCfg = Release|x64
		{F2847DDD-4242-4EE0-B1D6-FBDECF40BDDD}.TDS|x64.Build.0 = Release|x64
		{F2847DDD-4242-4EE0-B1D6-FBDECF40BDDD}.WebProjects|Any CPU.ActiveCfg = Release|Any CPU
		{F2847DDD-4242-4EE0-B1D6-FBDECF40BDDD}.WebProjects|Any CPU.Build.0 = Release|Any CPU
		{F2847DDD-4242-4EE0-B1D6-FBDECF40BDDD}.WebProjects|x64.ActiveCfg = Release|x64
		{F2847DDD-4242-4EE0-B1D6-FBDECF40BDDD}.WebProjects|x64.Build.0 = Release|x64
		{F359F46F-541D-479D-97DA-67391858523D}.always|Any CPU.ActiveCfg = always|Any CPU
		{F359F46F-541D-479D-97DA-67391858523D}.always|Any CPU.Build.0 = always|Any CPU
		{F359F46F-541D-479D-97DA-67391858523D}.always|x64.ActiveCfg = always|x64
		{F359F46F-541D-479D-97DA-67391858523D}.always|x64.Build.0 = always|x64
		{F359F46F-541D-479D-97DA-67391858523D}.ci|Any CPU.ActiveCfg = ci|Any CPU
		{F359F46F-541D-479D-97DA-67391858523D}.ci|Any CPU.Build.0 = ci|Any CPU
		{F359F46F-541D-479D-97DA-67391858523D}.ci|x64.ActiveCfg = ci|x64
		{F359F46F-541D-479D-97DA-67391858523D}.ci|x64.Build.0 = ci|x64
		{F359F46F-541D-479D-97DA-67391858523D}.Cloud|Any CPU.ActiveCfg = ci|Any CPU
		{F359F46F-541D-479D-97DA-67391858523D}.Cloud|Any CPU.Build.0 = ci|Any CPU
		{F359F46F-541D-479D-97DA-67391858523D}.Cloud|x64.ActiveCfg = ci|x64
		{F359F46F-541D-479D-97DA-67391858523D}.Cloud|x64.Build.0 = ci|x64
		{F359F46F-541D-479D-97DA-67391858523D}.Debug|Any CPU.ActiveCfg = Debug|Any CPU
		{F359F46F-541D-479D-97DA-67391858523D}.Debug|Any CPU.Build.0 = Debug|Any CPU
		{F359F46F-541D-479D-97DA-67391858523D}.Debug|x64.ActiveCfg = Debug|x64
		{F359F46F-541D-479D-97DA-67391858523D}.Debug|x64.Build.0 = Debug|x64
		{F359F46F-541D-479D-97DA-67391858523D}.Release|Any CPU.ActiveCfg = Release|Any CPU
		{F359F46F-541D-479D-97DA-67391858523D}.Release|Any CPU.Build.0 = Release|Any CPU
		{F359F46F-541D-479D-97DA-67391858523D}.Release|x64.ActiveCfg = Release|x64
		{F359F46F-541D-479D-97DA-67391858523D}.Release|x64.Build.0 = Release|x64
		{F359F46F-541D-479D-97DA-67391858523D}.TDS|Any CPU.ActiveCfg = Release|Any CPU
		{F359F46F-541D-479D-97DA-67391858523D}.TDS|Any CPU.Build.0 = Release|Any CPU
		{F359F46F-541D-479D-97DA-67391858523D}.TDS|x64.ActiveCfg = Release|x64
		{F359F46F-541D-479D-97DA-67391858523D}.TDS|x64.Build.0 = Release|x64
		{F359F46F-541D-479D-97DA-67391858523D}.WebProjects|Any CPU.ActiveCfg = Release|Any CPU
		{F359F46F-541D-479D-97DA-67391858523D}.WebProjects|Any CPU.Build.0 = Release|Any CPU
		{F359F46F-541D-479D-97DA-67391858523D}.WebProjects|x64.ActiveCfg = Release|x64
		{F359F46F-541D-479D-97DA-67391858523D}.WebProjects|x64.Build.0 = Release|x64
		{FF2486F3-4021-42D9-BC56-C4FAC23BA0D0}.always|Any CPU.ActiveCfg = always|Any CPU
		{FF2486F3-4021-42D9-BC56-C4FAC23BA0D0}.always|Any CPU.Build.0 = always|Any CPU
		{FF2486F3-4021-42D9-BC56-C4FAC23BA0D0}.always|x64.ActiveCfg = always|x64
		{FF2486F3-4021-42D9-BC56-C4FAC23BA0D0}.always|x64.Build.0 = always|x64
		{FF2486F3-4021-42D9-BC56-C4FAC23BA0D0}.ci|Any CPU.ActiveCfg = ci|Any CPU
		{FF2486F3-4021-42D9-BC56-C4FAC23BA0D0}.ci|Any CPU.Build.0 = ci|Any CPU
		{FF2486F3-4021-42D9-BC56-C4FAC23BA0D0}.ci|x64.ActiveCfg = ci|x64
		{FF2486F3-4021-42D9-BC56-C4FAC23BA0D0}.ci|x64.Build.0 = ci|x64
		{FF2486F3-4021-42D9-BC56-C4FAC23BA0D0}.Cloud|Any CPU.ActiveCfg = ci|Any CPU
		{FF2486F3-4021-42D9-BC56-C4FAC23BA0D0}.Cloud|Any CPU.Build.0 = ci|Any CPU
		{FF2486F3-4021-42D9-BC56-C4FAC23BA0D0}.Cloud|x64.ActiveCfg = ci|x64
		{FF2486F3-4021-42D9-BC56-C4FAC23BA0D0}.Cloud|x64.Build.0 = ci|x64
		{FF2486F3-4021-42D9-BC56-C4FAC23BA0D0}.Debug|Any CPU.ActiveCfg = Debug|Any CPU
		{FF2486F3-4021-42D9-BC56-C4FAC23BA0D0}.Debug|Any CPU.Build.0 = Debug|Any CPU
		{FF2486F3-4021-42D9-BC56-C4FAC23BA0D0}.Debug|x64.ActiveCfg = Debug|x64
		{FF2486F3-4021-42D9-BC56-C4FAC23BA0D0}.Debug|x64.Build.0 = Debug|x64
		{FF2486F3-4021-42D9-BC56-C4FAC23BA0D0}.Release|Any CPU.ActiveCfg = Release|Any CPU
		{FF2486F3-4021-42D9-BC56-C4FAC23BA0D0}.Release|Any CPU.Build.0 = Release|Any CPU
		{FF2486F3-4021-42D9-BC56-C4FAC23BA0D0}.Release|x64.ActiveCfg = Release|x64
		{FF2486F3-4021-42D9-BC56-C4FAC23BA0D0}.Release|x64.Build.0 = Release|x64
		{FF2486F3-4021-42D9-BC56-C4FAC23BA0D0}.TDS|Any CPU.ActiveCfg = Release|Any CPU
		{FF2486F3-4021-42D9-BC56-C4FAC23BA0D0}.TDS|Any CPU.Build.0 = Release|Any CPU
		{FF2486F3-4021-42D9-BC56-C4FAC23BA0D0}.TDS|x64.ActiveCfg = Release|x64
		{FF2486F3-4021-42D9-BC56-C4FAC23BA0D0}.TDS|x64.Build.0 = Release|x64
		{FF2486F3-4021-42D9-BC56-C4FAC23BA0D0}.WebProjects|Any CPU.ActiveCfg = Release|Any CPU
		{FF2486F3-4021-42D9-BC56-C4FAC23BA0D0}.WebProjects|Any CPU.Build.0 = Release|Any CPU
		{FF2486F3-4021-42D9-BC56-C4FAC23BA0D0}.WebProjects|x64.ActiveCfg = Release|x64
		{FF2486F3-4021-42D9-BC56-C4FAC23BA0D0}.WebProjects|x64.Build.0 = Release|x64
		{34A39BD1-43B3-49E4-AEBF-52FBDC3176E7}.always|Any CPU.ActiveCfg = always|Any CPU
		{34A39BD1-43B3-49E4-AEBF-52FBDC3176E7}.always|Any CPU.Build.0 = always|Any CPU
		{34A39BD1-43B3-49E4-AEBF-52FBDC3176E7}.always|x64.ActiveCfg = always|x64
		{34A39BD1-43B3-49E4-AEBF-52FBDC3176E7}.always|x64.Build.0 = always|x64
		{34A39BD1-43B3-49E4-AEBF-52FBDC3176E7}.ci|Any CPU.ActiveCfg = ci|Any CPU
		{34A39BD1-43B3-49E4-AEBF-52FBDC3176E7}.ci|Any CPU.Build.0 = ci|Any CPU
		{34A39BD1-43B3-49E4-AEBF-52FBDC3176E7}.ci|x64.ActiveCfg = ci|x64
		{34A39BD1-43B3-49E4-AEBF-52FBDC3176E7}.ci|x64.Build.0 = ci|x64
		{34A39BD1-43B3-49E4-AEBF-52FBDC3176E7}.Cloud|Any CPU.ActiveCfg = ci|Any CPU
		{34A39BD1-43B3-49E4-AEBF-52FBDC3176E7}.Cloud|Any CPU.Build.0 = ci|Any CPU
		{34A39BD1-43B3-49E4-AEBF-52FBDC3176E7}.Cloud|x64.ActiveCfg = ci|x64
		{34A39BD1-43B3-49E4-AEBF-52FBDC3176E7}.Cloud|x64.Build.0 = ci|x64
		{34A39BD1-43B3-49E4-AEBF-52FBDC3176E7}.Debug|Any CPU.ActiveCfg = Debug|Any CPU
		{34A39BD1-43B3-49E4-AEBF-52FBDC3176E7}.Debug|Any CPU.Build.0 = Debug|Any CPU
		{34A39BD1-43B3-49E4-AEBF-52FBDC3176E7}.Debug|x64.ActiveCfg = Debug|x64
		{34A39BD1-43B3-49E4-AEBF-52FBDC3176E7}.Debug|x64.Build.0 = Debug|x64
		{34A39BD1-43B3-49E4-AEBF-52FBDC3176E7}.Release|Any CPU.ActiveCfg = Release|Any CPU
		{34A39BD1-43B3-49E4-AEBF-52FBDC3176E7}.Release|Any CPU.Build.0 = Release|Any CPU
		{34A39BD1-43B3-49E4-AEBF-52FBDC3176E7}.Release|x64.ActiveCfg = Release|x64
		{34A39BD1-43B3-49E4-AEBF-52FBDC3176E7}.Release|x64.Build.0 = Release|x64
		{34A39BD1-43B3-49E4-AEBF-52FBDC3176E7}.TDS|Any CPU.ActiveCfg = Release|Any CPU
		{34A39BD1-43B3-49E4-AEBF-52FBDC3176E7}.TDS|Any CPU.Build.0 = Release|Any CPU
		{34A39BD1-43B3-49E4-AEBF-52FBDC3176E7}.TDS|x64.ActiveCfg = Release|x64
		{34A39BD1-43B3-49E4-AEBF-52FBDC3176E7}.TDS|x64.Build.0 = Release|x64
		{34A39BD1-43B3-49E4-AEBF-52FBDC3176E7}.WebProjects|Any CPU.ActiveCfg = Release|Any CPU
		{34A39BD1-43B3-49E4-AEBF-52FBDC3176E7}.WebProjects|Any CPU.Build.0 = Release|Any CPU
		{34A39BD1-43B3-49E4-AEBF-52FBDC3176E7}.WebProjects|x64.ActiveCfg = Release|x64
		{34A39BD1-43B3-49E4-AEBF-52FBDC3176E7}.WebProjects|x64.Build.0 = Release|x64
		{007CD5DC-0030-460D-91A3-3DDEA9AB472F}.always|Any CPU.ActiveCfg = Release|Any CPU
		{007CD5DC-0030-460D-91A3-3DDEA9AB472F}.always|Any CPU.Build.0 = Release|Any CPU
		{007CD5DC-0030-460D-91A3-3DDEA9AB472F}.always|x64.ActiveCfg = Release|Any CPU
		{007CD5DC-0030-460D-91A3-3DDEA9AB472F}.always|x64.Build.0 = Release|Any CPU
		{007CD5DC-0030-460D-91A3-3DDEA9AB472F}.ci|Any CPU.ActiveCfg = Release|Any CPU
		{007CD5DC-0030-460D-91A3-3DDEA9AB472F}.ci|Any CPU.Build.0 = Release|Any CPU
		{007CD5DC-0030-460D-91A3-3DDEA9AB472F}.ci|x64.ActiveCfg = Release|Any CPU
		{007CD5DC-0030-460D-91A3-3DDEA9AB472F}.ci|x64.Build.0 = Release|Any CPU
		{007CD5DC-0030-460D-91A3-3DDEA9AB472F}.Cloud|Any CPU.ActiveCfg = Debug|Any CPU
		{007CD5DC-0030-460D-91A3-3DDEA9AB472F}.Cloud|Any CPU.Build.0 = Debug|Any CPU
		{007CD5DC-0030-460D-91A3-3DDEA9AB472F}.Cloud|x64.ActiveCfg = Debug|Any CPU
		{007CD5DC-0030-460D-91A3-3DDEA9AB472F}.Cloud|x64.Build.0 = Debug|Any CPU
		{007CD5DC-0030-460D-91A3-3DDEA9AB472F}.Debug|Any CPU.ActiveCfg = Debug|Any CPU
		{007CD5DC-0030-460D-91A3-3DDEA9AB472F}.Debug|Any CPU.Build.0 = Debug|Any CPU
		{007CD5DC-0030-460D-91A3-3DDEA9AB472F}.Debug|x64.ActiveCfg = Debug|Any CPU
		{007CD5DC-0030-460D-91A3-3DDEA9AB472F}.Debug|x64.Build.0 = Debug|Any CPU
		{007CD5DC-0030-460D-91A3-3DDEA9AB472F}.Release|Any CPU.ActiveCfg = Release|Any CPU
		{007CD5DC-0030-460D-91A3-3DDEA9AB472F}.Release|Any CPU.Build.0 = Release|Any CPU
		{007CD5DC-0030-460D-91A3-3DDEA9AB472F}.Release|x64.ActiveCfg = Release|Any CPU
		{007CD5DC-0030-460D-91A3-3DDEA9AB472F}.Release|x64.Build.0 = Release|Any CPU
		{007CD5DC-0030-460D-91A3-3DDEA9AB472F}.TDS|Any CPU.ActiveCfg = Debug|Any CPU
		{007CD5DC-0030-460D-91A3-3DDEA9AB472F}.TDS|Any CPU.Build.0 = Debug|Any CPU
		{007CD5DC-0030-460D-91A3-3DDEA9AB472F}.TDS|x64.ActiveCfg = Debug|Any CPU
		{007CD5DC-0030-460D-91A3-3DDEA9AB472F}.TDS|x64.Build.0 = Debug|Any CPU
		{007CD5DC-0030-460D-91A3-3DDEA9AB472F}.WebProjects|Any CPU.ActiveCfg = Debug|Any CPU
		{007CD5DC-0030-460D-91A3-3DDEA9AB472F}.WebProjects|Any CPU.Build.0 = Debug|Any CPU
		{007CD5DC-0030-460D-91A3-3DDEA9AB472F}.WebProjects|x64.ActiveCfg = Debug|Any CPU
		{007CD5DC-0030-460D-91A3-3DDEA9AB472F}.WebProjects|x64.Build.0 = Debug|Any CPU
		{60FDC4EA-B56F-4EC5-AB57-D6C68A523ECC}.always|Any CPU.ActiveCfg = Release|Any CPU
		{60FDC4EA-B56F-4EC5-AB57-D6C68A523ECC}.always|Any CPU.Build.0 = Release|Any CPU
		{60FDC4EA-B56F-4EC5-AB57-D6C68A523ECC}.always|x64.ActiveCfg = Release|Any CPU
		{60FDC4EA-B56F-4EC5-AB57-D6C68A523ECC}.always|x64.Build.0 = Release|Any CPU
		{60FDC4EA-B56F-4EC5-AB57-D6C68A523ECC}.ci|Any CPU.ActiveCfg = Release|Any CPU
		{60FDC4EA-B56F-4EC5-AB57-D6C68A523ECC}.ci|Any CPU.Build.0 = Release|Any CPU
		{60FDC4EA-B56F-4EC5-AB57-D6C68A523ECC}.ci|x64.ActiveCfg = Release|Any CPU
		{60FDC4EA-B56F-4EC5-AB57-D6C68A523ECC}.ci|x64.Build.0 = Release|Any CPU
		{60FDC4EA-B56F-4EC5-AB57-D6C68A523ECC}.Cloud|Any CPU.ActiveCfg = Debug|Any CPU
		{60FDC4EA-B56F-4EC5-AB57-D6C68A523ECC}.Cloud|Any CPU.Build.0 = Debug|Any CPU
		{60FDC4EA-B56F-4EC5-AB57-D6C68A523ECC}.Cloud|x64.ActiveCfg = Debug|Any CPU
		{60FDC4EA-B56F-4EC5-AB57-D6C68A523ECC}.Cloud|x64.Build.0 = Debug|Any CPU
		{60FDC4EA-B56F-4EC5-AB57-D6C68A523ECC}.Debug|Any CPU.ActiveCfg = Debug|Any CPU
		{60FDC4EA-B56F-4EC5-AB57-D6C68A523ECC}.Debug|Any CPU.Build.0 = Debug|Any CPU
		{60FDC4EA-B56F-4EC5-AB57-D6C68A523ECC}.Debug|x64.ActiveCfg = Debug|Any CPU
		{60FDC4EA-B56F-4EC5-AB57-D6C68A523ECC}.Debug|x64.Build.0 = Debug|Any CPU
		{60FDC4EA-B56F-4EC5-AB57-D6C68A523ECC}.Release|Any CPU.ActiveCfg = Release|Any CPU
		{60FDC4EA-B56F-4EC5-AB57-D6C68A523ECC}.Release|Any CPU.Build.0 = Release|Any CPU
		{60FDC4EA-B56F-4EC5-AB57-D6C68A523ECC}.Release|x64.ActiveCfg = Release|Any CPU
		{60FDC4EA-B56F-4EC5-AB57-D6C68A523ECC}.Release|x64.Build.0 = Release|Any CPU
		{60FDC4EA-B56F-4EC5-AB57-D6C68A523ECC}.TDS|Any CPU.ActiveCfg = Debug|Any CPU
		{60FDC4EA-B56F-4EC5-AB57-D6C68A523ECC}.TDS|Any CPU.Build.0 = Debug|Any CPU
		{60FDC4EA-B56F-4EC5-AB57-D6C68A523ECC}.TDS|x64.ActiveCfg = Debug|Any CPU
		{60FDC4EA-B56F-4EC5-AB57-D6C68A523ECC}.TDS|x64.Build.0 = Debug|Any CPU
		{60FDC4EA-B56F-4EC5-AB57-D6C68A523ECC}.WebProjects|Any CPU.ActiveCfg = Debug|Any CPU
		{60FDC4EA-B56F-4EC5-AB57-D6C68A523ECC}.WebProjects|Any CPU.Build.0 = Debug|Any CPU
		{60FDC4EA-B56F-4EC5-AB57-D6C68A523ECC}.WebProjects|x64.ActiveCfg = Debug|Any CPU
		{60FDC4EA-B56F-4EC5-AB57-D6C68A523ECC}.WebProjects|x64.Build.0 = Debug|Any CPU
		{2E6DC398-A655-4F95-B0D6-19C87ACC98DA}.always|Any CPU.ActiveCfg = always|Any CPU
		{2E6DC398-A655-4F95-B0D6-19C87ACC98DA}.always|Any CPU.Build.0 = always|Any CPU
		{2E6DC398-A655-4F95-B0D6-19C87ACC98DA}.always|x64.ActiveCfg = always|x64
		{2E6DC398-A655-4F95-B0D6-19C87ACC98DA}.always|x64.Build.0 = always|x64
		{2E6DC398-A655-4F95-B0D6-19C87ACC98DA}.ci|Any CPU.ActiveCfg = ci|Any CPU
		{2E6DC398-A655-4F95-B0D6-19C87ACC98DA}.ci|Any CPU.Build.0 = ci|Any CPU
		{2E6DC398-A655-4F95-B0D6-19C87ACC98DA}.ci|x64.ActiveCfg = ci|x64
		{2E6DC398-A655-4F95-B0D6-19C87ACC98DA}.ci|x64.Build.0 = ci|x64
		{2E6DC398-A655-4F95-B0D6-19C87ACC98DA}.Cloud|Any CPU.ActiveCfg = ci|Any CPU
		{2E6DC398-A655-4F95-B0D6-19C87ACC98DA}.Cloud|Any CPU.Build.0 = ci|Any CPU
		{2E6DC398-A655-4F95-B0D6-19C87ACC98DA}.Cloud|x64.ActiveCfg = ci|x64
		{2E6DC398-A655-4F95-B0D6-19C87ACC98DA}.Cloud|x64.Build.0 = ci|x64
		{2E6DC398-A655-4F95-B0D6-19C87ACC98DA}.Debug|Any CPU.ActiveCfg = Debug|Any CPU
		{2E6DC398-A655-4F95-B0D6-19C87ACC98DA}.Debug|Any CPU.Build.0 = Debug|Any CPU
		{2E6DC398-A655-4F95-B0D6-19C87ACC98DA}.Debug|x64.ActiveCfg = Debug|x64
		{2E6DC398-A655-4F95-B0D6-19C87ACC98DA}.Debug|x64.Build.0 = Debug|x64
		{2E6DC398-A655-4F95-B0D6-19C87ACC98DA}.Release|Any CPU.ActiveCfg = Release|Any CPU
		{2E6DC398-A655-4F95-B0D6-19C87ACC98DA}.Release|Any CPU.Build.0 = Release|Any CPU
		{2E6DC398-A655-4F95-B0D6-19C87ACC98DA}.Release|x64.ActiveCfg = Release|x64
		{2E6DC398-A655-4F95-B0D6-19C87ACC98DA}.Release|x64.Build.0 = Release|x64
		{2E6DC398-A655-4F95-B0D6-19C87ACC98DA}.TDS|Any CPU.ActiveCfg = Release|Any CPU
		{2E6DC398-A655-4F95-B0D6-19C87ACC98DA}.TDS|Any CPU.Build.0 = Release|Any CPU
		{2E6DC398-A655-4F95-B0D6-19C87ACC98DA}.TDS|x64.ActiveCfg = Release|x64
		{2E6DC398-A655-4F95-B0D6-19C87ACC98DA}.TDS|x64.Build.0 = Release|x64
		{2E6DC398-A655-4F95-B0D6-19C87ACC98DA}.WebProjects|Any CPU.ActiveCfg = Release|Any CPU
		{2E6DC398-A655-4F95-B0D6-19C87ACC98DA}.WebProjects|Any CPU.Build.0 = Release|Any CPU
		{2E6DC398-A655-4F95-B0D6-19C87ACC98DA}.WebProjects|x64.ActiveCfg = Release|x64
		{2E6DC398-A655-4F95-B0D6-19C87ACC98DA}.WebProjects|x64.Build.0 = Release|x64
		{494DFA28-B154-4BF9-A946-A088106BECFC}.always|Any CPU.ActiveCfg = always|Any CPU
		{494DFA28-B154-4BF9-A946-A088106BECFC}.always|Any CPU.Build.0 = always|Any CPU
		{494DFA28-B154-4BF9-A946-A088106BECFC}.always|x64.ActiveCfg = always|x64
		{494DFA28-B154-4BF9-A946-A088106BECFC}.always|x64.Build.0 = always|x64
		{494DFA28-B154-4BF9-A946-A088106BECFC}.ci|Any CPU.ActiveCfg = ci|Any CPU
		{494DFA28-B154-4BF9-A946-A088106BECFC}.ci|Any CPU.Build.0 = ci|Any CPU
		{494DFA28-B154-4BF9-A946-A088106BECFC}.ci|x64.ActiveCfg = ci|x64
		{494DFA28-B154-4BF9-A946-A088106BECFC}.ci|x64.Build.0 = ci|x64
		{494DFA28-B154-4BF9-A946-A088106BECFC}.Cloud|Any CPU.ActiveCfg = Cloud|Any CPU
		{494DFA28-B154-4BF9-A946-A088106BECFC}.Cloud|Any CPU.Build.0 = Cloud|Any CPU
		{494DFA28-B154-4BF9-A946-A088106BECFC}.Cloud|x64.ActiveCfg = Cloud|x64
		{494DFA28-B154-4BF9-A946-A088106BECFC}.Cloud|x64.Build.0 = Cloud|x64
		{494DFA28-B154-4BF9-A946-A088106BECFC}.Debug|Any CPU.ActiveCfg = Debug|Any CPU
		{494DFA28-B154-4BF9-A946-A088106BECFC}.Debug|Any CPU.Build.0 = Debug|Any CPU
		{494DFA28-B154-4BF9-A946-A088106BECFC}.Debug|x64.ActiveCfg = Debug|x64
		{494DFA28-B154-4BF9-A946-A088106BECFC}.Debug|x64.Build.0 = Debug|x64
		{494DFA28-B154-4BF9-A946-A088106BECFC}.Release|Any CPU.ActiveCfg = Release|Any CPU
		{494DFA28-B154-4BF9-A946-A088106BECFC}.Release|Any CPU.Build.0 = Release|Any CPU
		{494DFA28-B154-4BF9-A946-A088106BECFC}.Release|x64.ActiveCfg = Release|x64
		{494DFA28-B154-4BF9-A946-A088106BECFC}.Release|x64.Build.0 = Release|x64
		{494DFA28-B154-4BF9-A946-A088106BECFC}.TDS|Any CPU.ActiveCfg = TDS|Any CPU
		{494DFA28-B154-4BF9-A946-A088106BECFC}.TDS|Any CPU.Build.0 = TDS|Any CPU
		{494DFA28-B154-4BF9-A946-A088106BECFC}.TDS|x64.ActiveCfg = TDS|x64
		{494DFA28-B154-4BF9-A946-A088106BECFC}.TDS|x64.Build.0 = TDS|x64
		{494DFA28-B154-4BF9-A946-A088106BECFC}.WebProjects|Any CPU.ActiveCfg = WebProjects|Any CPU
		{494DFA28-B154-4BF9-A946-A088106BECFC}.WebProjects|Any CPU.Build.0 = WebProjects|Any CPU
		{494DFA28-B154-4BF9-A946-A088106BECFC}.WebProjects|x64.ActiveCfg = WebProjects|x64
		{494DFA28-B154-4BF9-A946-A088106BECFC}.WebProjects|x64.Build.0 = WebProjects|x64
	EndGlobalSection
	GlobalSection(SolutionProperties) = preSolution
		HideSolutionNode = FALSE
	EndGlobalSection
	GlobalSection(NestedProjects) = preSolution
		{54F4B0B4-63CE-49D6-BEA6-F5D8A8B7506F} = {BC50975C-41D6-42E4-B31D-4668BF3097A7}
		{E3156E9E-93A6-4841-81E4-625E491A4C16} = {54F4B0B4-63CE-49D6-BEA6-F5D8A8B7506F}
		{B9C7713E-5690-4A03-8327-7FCC8C6431AA} = {BC50975C-41D6-42E4-B31D-4668BF3097A7}
		{8D8A9E69-D88B-458B-997C-9A5B14918AFC} = {B9C7713E-5690-4A03-8327-7FCC8C6431AA}
		{9C906530-AE99-4256-9B56-56CF3EB1990C} = {BC50975C-41D6-42E4-B31D-4668BF3097A7}
		{C32F92D7-6FB8-49DC-B43D-2DA952394E00} = {9C906530-AE99-4256-9B56-56CF3EB1990C}
		{B2D6E1FC-2CFF-41E0-8B17-5109CE622705} = {BC50975C-41D6-42E4-B31D-4668BF3097A7}
		{64866575-7760-4FD5-8284-578F8BCE1AE2} = {BC50975C-41D6-42E4-B31D-4668BF3097A7}
		{8D9FA6A6-156E-45B4-9DB8-99CB25FE6E71} = {86F6F902-A9B3-408F-8E23-2CCB46AFC036}
		{57F02819-E014-468F-A17E-9C0A4CDD62BC} = {8D9FA6A6-156E-45B4-9DB8-99CB25FE6E71}
		{DF7A94A1-FC6F-4631-A99D-E7169E9B43AF} = {86F6F902-A9B3-408F-8E23-2CCB46AFC036}
		{EB4B9033-64E1-4067-BE48-FF087B7D638A} = {DF7A94A1-FC6F-4631-A99D-E7169E9B43AF}
		{57D8A8A2-A20A-4733-A5EB-97719D2ED474} = {86F6F902-A9B3-408F-8E23-2CCB46AFC036}
		{182375CB-5059-4AB7-AE52-A85D54E5FDFF} = {57D8A8A2-A20A-4733-A5EB-97719D2ED474}
		{72E9FAFB-99A0-4CA7-A039-51D8CE06A115} = {86F6F902-A9B3-408F-8E23-2CCB46AFC036}
		{02E59B5D-1DA8-470B-8136-7D123C1451B0} = {72E9FAFB-99A0-4CA7-A039-51D8CE06A115}
		{EA3BD5A9-169E-4062-A6E8-FA6E1DDBF1FA} = {86F6F902-A9B3-408F-8E23-2CCB46AFC036}
		{9BA2D7E4-463E-47E0-9064-2046266D2237} = {EA3BD5A9-169E-4062-A6E8-FA6E1DDBF1FA}
		{8DB3E151-62E2-4A87-8C26-C09E27E76ED5} = {86F6F902-A9B3-408F-8E23-2CCB46AFC036}
		{7B330038-A1D0-4C5A-A0E5-692E46863C05} = {8DB3E151-62E2-4A87-8C26-C09E27E76ED5}
		{DCE4D958-8DC0-4BC9-8A71-FA2BF649E231} = {86F6F902-A9B3-408F-8E23-2CCB46AFC036}
		{990704DE-4D80-4476-98FF-735905FA83D9} = {DCE4D958-8DC0-4BC9-8A71-FA2BF649E231}
		{A5271A56-1390-4A84-B9B4-00E7FBBC6B1F} = {86F6F902-A9B3-408F-8E23-2CCB46AFC036}
		{03684D4B-349C-4836-B67F-5557FA46894F} = {A5271A56-1390-4A84-B9B4-00E7FBBC6B1F}
		{BDB74C9C-87F3-4BF4-8F89-234094C3E715} = {BC50975C-41D6-42E4-B31D-4668BF3097A7}
		{A81AE685-0F2F-4544-AD4D-51DB74169972} = {86F6F902-A9B3-408F-8E23-2CCB46AFC036}
		{84679380-2D69-468D-A9C5-F420396FED61} = {A81AE685-0F2F-4544-AD4D-51DB74169972}
		{72A98BE1-3FD4-4116-9CB7-EC959D72CAF5} = {BC50975C-41D6-42E4-B31D-4668BF3097A7}
		{4FD358BF-BA15-4621-AA18-F21C6B523EA9} = {72A98BE1-3FD4-4116-9CB7-EC959D72CAF5}
		{50AAE46B-6220-4DAF-B8B7-FA89E843709B} = {BC50975C-41D6-42E4-B31D-4668BF3097A7}
		{73217127-ADB7-4857-9D29-69EB32F8A21F} = {50AAE46B-6220-4DAF-B8B7-FA89E843709B}
		{74604D8D-AF01-4FE3-A4C3-70E31840ECD7} = {BC50975C-41D6-42E4-B31D-4668BF3097A7}
		{9A53B8A9-9D76-45DA-8E87-E5AF8989A45A} = {74604D8D-AF01-4FE3-A4C3-70E31840ECD7}
		{9C9B220F-B680-433A-80E1-5BB34A94AC66} = {BC50975C-41D6-42E4-B31D-4668BF3097A7}
		{F2847DDD-4242-4EE0-B1D6-FBDECF40BDDD} = {9C9B220F-B680-433A-80E1-5BB34A94AC66}
		{12C9EF8B-4D07-4A26-95CA-21BFE83C0302} = {BC50975C-41D6-42E4-B31D-4668BF3097A7}
		{F359F46F-541D-479D-97DA-67391858523D} = {12C9EF8B-4D07-4A26-95CA-21BFE83C0302}
		{7F9F8AB3-25F6-4F90-98C0-9906421EC1A1} = {BC50975C-41D6-42E4-B31D-4668BF3097A7}
		{FF2486F3-4021-42D9-BC56-C4FAC23BA0D0} = {7F9F8AB3-25F6-4F90-98C0-9906421EC1A1}
		{01E9480D-2C43-4E7C-80F2-54C21565A046} = {BC50975C-41D6-42E4-B31D-4668BF3097A7}
		{34A39BD1-43B3-49E4-AEBF-52FBDC3176E7} = {01E9480D-2C43-4E7C-80F2-54C21565A046}
		{007CD5DC-0030-460D-91A3-3DDEA9AB472F} = {B2D6E1FC-2CFF-41E0-8B17-5109CE622705}
		{60FDC4EA-B56F-4EC5-AB57-D6C68A523ECC} = {64866575-7760-4FD5-8284-578F8BCE1AE2}
		{2E6DC398-A655-4F95-B0D6-19C87ACC98DA} = {BDB74C9C-87F3-4BF4-8F89-234094C3E715}
		{C46745B4-D25D-477F-9F09-371606E74072} = {86F6F902-A9B3-408F-8E23-2CCB46AFC036}
		{494DFA28-B154-4BF9-A946-A088106BECFC} = {C46745B4-D25D-477F-9F09-371606E74072}
	EndGlobalSection
	GlobalSection(ExtensibilityGlobals) = postSolution
		SolutionGuid = {D6F6224E-B5E9-4D2C-8E02-0B388E3BF218}
	EndGlobalSection
EndGlobal
