---
ID: "df898ef6-14fd-4c32-bf50-3baaef233485"
Parent: "b10bcdac-7f8e-4f01-b725-0245022658bd"
Template: "a280aab8-15a0-4646-9d39-c606e81be744"
Path: /sitecore/content/Global/Pick Lists/Icons/lock
DB: master
Languages:
- Language: en
  Versions:
  - Version: 1
    Fields:
    - ID: "25bed78c-4957-4165-998a-ca1b52f67497"
      Hint: __Created
      Value: 20150912T234029
    - ID: "5dd74568-4d4b-44c1-b513-0af5f4cda34f"
      Hint: __Created by
      Value: |
        sitecore\admin
